// !$*UTF8*$!
{
	archiveVersion = 1;
	classes = {
	};
	objectVersion = 51;
	objects = {

/* Begin PBXBuildFile section */
		06644A7E24EA6E47003CD359 /* ViewModelInterface.swift in Sources */ = {isa = PBXBuildFile; fileRef = 06644A7D24EA6E47003CD359 /* ViewModelInterface.swift */; };
		06644A8024EA6F47003CD359 /* BaseViewController.swift in Sources */ = {isa = PBXBuildFile; fileRef = 06644A7F24EA6F47003CD359 /* BaseViewController.swift */; };
		06644A8524EA7156003CD359 /* RoundedButton.swift in Sources */ = {isa = PBXBuildFile; fileRef = 06644A8424EA7156003CD359 /* RoundedButton.swift */; };
		06644A8724EA772D003CD359 /* CustomButton.swift in Sources */ = {isa = PBXBuildFile; fileRef = 06644A8624EA772D003CD359 /* CustomButton.swift */; };
		06644A8924EA78F5003CD359 /* ViewModelDelegateInterface.swift in Sources */ = {isa = PBXBuildFile; fileRef = 06644A8824EA78F5003CD359 /* ViewModelDelegateInterface.swift */; };
		06644A8B24EBF4CD003CD359 /* CustomView.swift in Sources */ = {isa = PBXBuildFile; fileRef = 06644A8A24EBF4CD003CD359 /* CustomView.swift */; };
		06644A8D24EBF51A003CD359 /* BigLogoView.xib in Resources */ = {isa = PBXBuildFile; fileRef = 06644A8C24EBF51A003CD359 /* BigLogoView.xib */; };
		06644A8F24EBF72C003CD359 /* BigLogoView.swift in Sources */ = {isa = PBXBuildFile; fileRef = 06644A8E24EBF72C003CD359 /* BigLogoView.swift */; };
		06819AA624EC208F003D0EB0 /* CustomTextField.swift in Sources */ = {isa = PBXBuildFile; fileRef = 06819AA524EC208F003D0EB0 /* CustomTextField.swift */; };
		06819AA824EC20CB003D0EB0 /* TextField.swift in Sources */ = {isa = PBXBuildFile; fileRef = 06819AA724EC20CB003D0EB0 /* TextField.swift */; };
		06B0EB2324E6788F003D90C6 /* SignUpViewController.xib in Resources */ = {isa = PBXBuildFile; fileRef = 06B0EB2224E6788F003D90C6 /* SignUpViewController.xib */; };
		06B0EB2524E67B6A003D90C6 /* SignUpViewController.swift in Sources */ = {isa = PBXBuildFile; fileRef = 06B0EB2424E67B6A003D90C6 /* SignUpViewController.swift */; };
		06B0EB2824E67E6A003D90C6 /* UIColor.swift in Sources */ = {isa = PBXBuildFile; fileRef = 06B0EB2724E67E6A003D90C6 /* UIColor.swift */; };
		06B0EB2A24E67EC4003D90C6 /* Constants.swift in Sources */ = {isa = PBXBuildFile; fileRef = 06B0EB2924E67EC4003D90C6 /* Constants.swift */; };
		06B0EB2E24E68298003D90C6 /* SignUpViewModel.swift in Sources */ = {isa = PBXBuildFile; fileRef = 06B0EB2D24E68298003D90C6 /* SignUpViewModel.swift */; };
		5E1DCA7924E17B78008F515B /* OnboardingViewModel.swift in Sources */ = {isa = PBXBuildFile; fileRef = 5E1DCA7824E17B78008F515B /* OnboardingViewModel.swift */; };
		5E2C5D1B24D98EE100E2B95F /* AppDelegate.swift in Sources */ = {isa = PBXBuildFile; fileRef = 5E2C5D1A24D98EE100E2B95F /* AppDelegate.swift */; };
		5E2C5D1F24D98EE100E2B95F /* ViewController.swift in Sources */ = {isa = PBXBuildFile; fileRef = 5E2C5D1E24D98EE100E2B95F /* ViewController.swift */; };
		5E2C5D2424D98EE300E2B95F /* Assets.xcassets in Resources */ = {isa = PBXBuildFile; fileRef = 5E2C5D2324D98EE300E2B95F /* Assets.xcassets */; };
		5E2C5D2724D98EE300E2B95F /* LaunchScreen.storyboard in Resources */ = {isa = PBXBuildFile; fileRef = 5E2C5D2524D98EE300E2B95F /* LaunchScreen.storyboard */; };
		5ED0855724E2E04400CDB4D3 /* OnBoardingView.swift in Sources */ = {isa = PBXBuildFile; fileRef = 5ED0855624E2E04400CDB4D3 /* OnBoardingView.swift */; };
		5ED0855924E2E06300CDB4D3 /* OnboardingModel.swift in Sources */ = {isa = PBXBuildFile; fileRef = 5ED0855824E2E06300CDB4D3 /* OnboardingModel.swift */; };
		5ED0856A24E3EBBB00CDB4D3 /* TextStyle.swift in Sources */ = {isa = PBXBuildFile; fileRef = 5ED0856924E3EBBB00CDB4D3 /* TextStyle.swift */; };
		5ED0856B24E4256500CDB4D3 /* OpenSans-Bold.ttf in Resources */ = {isa = PBXBuildFile; fileRef = 5ED0855F24E3E5C300CDB4D3 /* OpenSans-Bold.ttf */; };
		5ED0856C24E4256B00CDB4D3 /* OpenSans-SemiBold.ttf in Resources */ = {isa = PBXBuildFile; fileRef = 5ED0855B24E3E5C300CDB4D3 /* OpenSans-SemiBold.ttf */; };
		5ED0856D24E4257100CDB4D3 /* OpenSans-Regular.ttf in Resources */ = {isa = PBXBuildFile; fileRef = 5ED0856424E3E5C400CDB4D3 /* OpenSans-Regular.ttf */; };
		5ED0856E24E4257500CDB4D3 /* OpenSans-Italic.ttf in Resources */ = {isa = PBXBuildFile; fileRef = 5ED0856324E3E5C300CDB4D3 /* OpenSans-Italic.ttf */; };
		BC0108822510E03C002F9FD6 /* GoogleService-Info.plist in Resources */ = {isa = PBXBuildFile; fileRef = BC0108812510E03C002F9FD6 /* GoogleService-Info.plist */; };
		BC0108882511ED88002F9FD6 /* DEV-GoogleService-Info.plist in Resources */ = {isa = PBXBuildFile; fileRef = BC0108872511ED88002F9FD6 /* DEV-GoogleService-Info.plist */; };
		F3FE0AC0AF7A76A68F4E1357 /* Pods_Permanent.framework in Frameworks */ = {isa = PBXBuildFile; fileRef = 5DE3D471E11C88E9E3F4FD2A /* Pods_Permanent.framework */; };
/* End PBXBuildFile section */

/* Begin PBXFileReference section */
		06644A7D24EA6E47003CD359 /* ViewModelInterface.swift */ = {isa = PBXFileReference; lastKnownFileType = sourcecode.swift; path = ViewModelInterface.swift; sourceTree = "<group>"; };
		06644A7F24EA6F47003CD359 /* BaseViewController.swift */ = {isa = PBXFileReference; lastKnownFileType = sourcecode.swift; path = BaseViewController.swift; sourceTree = "<group>"; };
		06644A8424EA7156003CD359 /* RoundedButton.swift */ = {isa = PBXFileReference; lastKnownFileType = sourcecode.swift; path = RoundedButton.swift; sourceTree = "<group>"; };
		06644A8624EA772D003CD359 /* CustomButton.swift */ = {isa = PBXFileReference; lastKnownFileType = sourcecode.swift; path = CustomButton.swift; sourceTree = "<group>"; };
		06644A8824EA78F5003CD359 /* ViewModelDelegateInterface.swift */ = {isa = PBXFileReference; lastKnownFileType = sourcecode.swift; path = ViewModelDelegateInterface.swift; sourceTree = "<group>"; };
		06644A8A24EBF4CD003CD359 /* CustomView.swift */ = {isa = PBXFileReference; lastKnownFileType = sourcecode.swift; path = CustomView.swift; sourceTree = "<group>"; };
		06644A8C24EBF51A003CD359 /* BigLogoView.xib */ = {isa = PBXFileReference; lastKnownFileType = file.xib; path = BigLogoView.xib; sourceTree = "<group>"; };
		06644A8E24EBF72C003CD359 /* BigLogoView.swift */ = {isa = PBXFileReference; lastKnownFileType = sourcecode.swift; path = BigLogoView.swift; sourceTree = "<group>"; };
		06819AA524EC208F003D0EB0 /* CustomTextField.swift */ = {isa = PBXFileReference; lastKnownFileType = sourcecode.swift; path = CustomTextField.swift; sourceTree = "<group>"; };
		06819AA724EC20CB003D0EB0 /* TextField.swift */ = {isa = PBXFileReference; lastKnownFileType = sourcecode.swift; path = TextField.swift; sourceTree = "<group>"; };
		06B0EB2224E6788F003D90C6 /* SignUpViewController.xib */ = {isa = PBXFileReference; lastKnownFileType = file.xib; path = SignUpViewController.xib; sourceTree = "<group>"; };
		06B0EB2424E67B6A003D90C6 /* SignUpViewController.swift */ = {isa = PBXFileReference; lastKnownFileType = sourcecode.swift; path = SignUpViewController.swift; sourceTree = "<group>"; };
		06B0EB2724E67E6A003D90C6 /* UIColor.swift */ = {isa = PBXFileReference; lastKnownFileType = sourcecode.swift; path = UIColor.swift; sourceTree = "<group>"; };
		06B0EB2924E67EC4003D90C6 /* Constants.swift */ = {isa = PBXFileReference; lastKnownFileType = sourcecode.swift; path = Constants.swift; sourceTree = "<group>"; };
		06B0EB2D24E68298003D90C6 /* SignUpViewModel.swift */ = {isa = PBXFileReference; lastKnownFileType = sourcecode.swift; path = SignUpViewModel.swift; sourceTree = "<group>"; };
		548D706A1AF31B9CECE03A4F /* Pods-Permanent.dev-debug.xcconfig */ = {isa = PBXFileReference; includeInIndex = 1; lastKnownFileType = text.xcconfig; name = "Pods-Permanent.dev-debug.xcconfig"; path = "Target Support Files/Pods-Permanent/Pods-Permanent.dev-debug.xcconfig"; sourceTree = "<group>"; };
		5A2BA2B5BA83E0C9E01CE8D0 /* Pods-Permanent.dev-release.xcconfig */ = {isa = PBXFileReference; includeInIndex = 1; lastKnownFileType = text.xcconfig; name = "Pods-Permanent.dev-release.xcconfig"; path = "Target Support Files/Pods-Permanent/Pods-Permanent.dev-release.xcconfig"; sourceTree = "<group>"; };
		5DE3D471E11C88E9E3F4FD2A /* Pods_Permanent.framework */ = {isa = PBXFileReference; explicitFileType = wrapper.framework; includeInIndex = 0; path = Pods_Permanent.framework; sourceTree = BUILT_PRODUCTS_DIR; };
		5E1DCA7824E17B78008F515B /* OnboardingViewModel.swift */ = {isa = PBXFileReference; lastKnownFileType = sourcecode.swift; path = OnboardingViewModel.swift; sourceTree = "<group>"; };
		5E2C5D1724D98EE100E2B95F /* Permanent.app */ = {isa = PBXFileReference; explicitFileType = wrapper.application; includeInIndex = 0; path = Permanent.app; sourceTree = BUILT_PRODUCTS_DIR; };
		5E2C5D1A24D98EE100E2B95F /* AppDelegate.swift */ = {isa = PBXFileReference; lastKnownFileType = sourcecode.swift; path = AppDelegate.swift; sourceTree = "<group>"; };
		5E2C5D1E24D98EE100E2B95F /* ViewController.swift */ = {isa = PBXFileReference; lastKnownFileType = sourcecode.swift; path = ViewController.swift; sourceTree = "<group>"; };
		5E2C5D2324D98EE300E2B95F /* Assets.xcassets */ = {isa = PBXFileReference; lastKnownFileType = folder.assetcatalog; path = Assets.xcassets; sourceTree = "<group>"; };
		5E2C5D2624D98EE300E2B95F /* Base */ = {isa = PBXFileReference; lastKnownFileType = file.storyboard; name = Base; path = Base.lproj/LaunchScreen.storyboard; sourceTree = "<group>"; };
		5E2C5D2824D98EE300E2B95F /* Info.plist */ = {isa = PBXFileReference; lastKnownFileType = text.plist.xml; path = Info.plist; sourceTree = "<group>"; };
		5ED0855624E2E04400CDB4D3 /* OnBoardingView.swift */ = {isa = PBXFileReference; lastKnownFileType = sourcecode.swift; path = OnBoardingView.swift; sourceTree = "<group>"; };
		5ED0855824E2E06300CDB4D3 /* OnboardingModel.swift */ = {isa = PBXFileReference; lastKnownFileType = sourcecode.swift; path = OnboardingModel.swift; sourceTree = "<group>"; };
		5ED0855B24E3E5C300CDB4D3 /* OpenSans-SemiBold.ttf */ = {isa = PBXFileReference; lastKnownFileType = file; path = "OpenSans-SemiBold.ttf"; sourceTree = "<group>"; };
		5ED0855C24E3E5C300CDB4D3 /* OpenSans-Light.ttf */ = {isa = PBXFileReference; lastKnownFileType = file; path = "OpenSans-Light.ttf"; sourceTree = "<group>"; };
		5ED0855D24E3E5C300CDB4D3 /* OpenSans-ExtraBoldItalic.ttf */ = {isa = PBXFileReference; lastKnownFileType = file; path = "OpenSans-ExtraBoldItalic.ttf"; sourceTree = "<group>"; };
		5ED0855E24E3E5C300CDB4D3 /* OpenSans-LightItalic.ttf */ = {isa = PBXFileReference; lastKnownFileType = file; path = "OpenSans-LightItalic.ttf"; sourceTree = "<group>"; };
		5ED0855F24E3E5C300CDB4D3 /* OpenSans-Bold.ttf */ = {isa = PBXFileReference; lastKnownFileType = file; path = "OpenSans-Bold.ttf"; sourceTree = "<group>"; };
		5ED0856024E3E5C300CDB4D3 /* OpenSans-SemiBoldItalic.ttf */ = {isa = PBXFileReference; lastKnownFileType = file; path = "OpenSans-SemiBoldItalic.ttf"; sourceTree = "<group>"; };
		5ED0856124E3E5C300CDB4D3 /* OpenSans-BoldItalic.ttf */ = {isa = PBXFileReference; lastKnownFileType = file; path = "OpenSans-BoldItalic.ttf"; sourceTree = "<group>"; };
		5ED0856224E3E5C300CDB4D3 /* OpenSans-ExtraBold.ttf */ = {isa = PBXFileReference; lastKnownFileType = file; path = "OpenSans-ExtraBold.ttf"; sourceTree = "<group>"; };
		5ED0856324E3E5C300CDB4D3 /* OpenSans-Italic.ttf */ = {isa = PBXFileReference; lastKnownFileType = file; path = "OpenSans-Italic.ttf"; sourceTree = "<group>"; };
		5ED0856424E3E5C400CDB4D3 /* OpenSans-Regular.ttf */ = {isa = PBXFileReference; lastKnownFileType = file; path = "OpenSans-Regular.ttf"; sourceTree = "<group>"; };
		5ED0856924E3EBBB00CDB4D3 /* TextStyle.swift */ = {isa = PBXFileReference; lastKnownFileType = sourcecode.swift; path = TextStyle.swift; sourceTree = "<group>"; };
		628A94E96CD91F0A955E033A /* Pods-Permanent.debug.xcconfig */ = {isa = PBXFileReference; includeInIndex = 1; lastKnownFileType = text.xcconfig; name = "Pods-Permanent.debug.xcconfig"; path = "Target Support Files/Pods-Permanent/Pods-Permanent.debug.xcconfig"; sourceTree = "<group>"; };
		638FB579479242C67D418F05 /* Pods-Permanent.release.xcconfig */ = {isa = PBXFileReference; includeInIndex = 1; lastKnownFileType = text.xcconfig; name = "Pods-Permanent.release.xcconfig"; path = "Target Support Files/Pods-Permanent/Pods-Permanent.release.xcconfig"; sourceTree = "<group>"; };
		BC0108812510E03C002F9FD6 /* GoogleService-Info.plist */ = {isa = PBXFileReference; fileEncoding = 4; lastKnownFileType = text.plist.xml; path = "GoogleService-Info.plist"; sourceTree = "<group>"; };
		BC0108872511ED88002F9FD6 /* DEV-GoogleService-Info.plist */ = {isa = PBXFileReference; fileEncoding = 4; lastKnownFileType = text.plist.xml; path = "DEV-GoogleService-Info.plist"; sourceTree = "<group>"; };
/* End PBXFileReference section */

/* Begin PBXFrameworksBuildPhase section */
		5E2C5D1424D98EE100E2B95F /* Frameworks */ = {
			isa = PBXFrameworksBuildPhase;
			buildActionMask = 2147483647;
			files = (
				F3FE0AC0AF7A76A68F4E1357 /* Pods_Permanent.framework in Frameworks */,
			);
			runOnlyForDeploymentPostprocessing = 0;
		};
/* End PBXFrameworksBuildPhase section */

/* Begin PBXGroup section */
		06644A7C24EA6E35003CD359 /* Interfaces */ = {
			isa = PBXGroup;
			children = (
				06644A7D24EA6E47003CD359 /* ViewModelInterface.swift */,
				06644A8824EA78F5003CD359 /* ViewModelDelegateInterface.swift */,
			);
			name = Interfaces;
			sourceTree = "<group>";
		};
		06644A8124EA70D5003CD359 /* Views */ = {
			isa = PBXGroup;
			children = (
				06644A8424EA7156003CD359 /* RoundedButton.swift */,
				06644A8C24EBF51A003CD359 /* BigLogoView.xib */,
				06644A8E24EBF72C003CD359 /* BigLogoView.swift */,
				06819AA724EC20CB003D0EB0 /* TextField.swift */,
				06644A8624EA772D003CD359 /* CustomButton.swift */,
				06644A8A24EBF4CD003CD359 /* CustomView.swift */,
				06819AA524EC208F003D0EB0 /* CustomTextField.swift */,
			);
			path = Views;
			sourceTree = "<group>";
		};
		06B0EB2124E6786F003D90C6 /* ViewControllers */ = {
			isa = PBXGroup;
			children = (
				06B0EB2224E6788F003D90C6 /* SignUpViewController.xib */,
				06B0EB2424E67B6A003D90C6 /* SignUpViewController.swift */,
				06644A7F24EA6F47003CD359 /* BaseViewController.swift */,
			);
			path = ViewControllers;
			sourceTree = "<group>";
		};
		06B0EB2624E67E52003D90C6 /* Extensions */ = {
			isa = PBXGroup;
			children = (
				06B0EB2724E67E6A003D90C6 /* UIColor.swift */,
			);
			path = Extensions;
			sourceTree = "<group>";
		};
		06B0EB2B24E67FBC003D90C6 /* Models */ = {
			isa = PBXGroup;
			children = (
				5ED0856924E3EBBB00CDB4D3 /* TextStyle.swift */,
			);
			path = Models;
			sourceTree = "<group>";
		};
		06B0EB2C24E68289003D90C6 /* ViewModels */ = {
			isa = PBXGroup;
			children = (
				06B0EB2D24E68298003D90C6 /* SignUpViewModel.swift */,
			);
			path = ViewModels;
			sourceTree = "<group>";
		};
		3C67463A29E716FFCCC6D12C /* Frameworks */ = {
			isa = PBXGroup;
			children = (
				5DE3D471E11C88E9E3F4FD2A /* Pods_Permanent.framework */,
			);
			name = Frameworks;
			sourceTree = "<group>";
		};
		5E2C5D0E24D98EE100E2B95F = {
			isa = PBXGroup;
			children = (
				5E2C5D1924D98EE100E2B95F /* Permanent */,
				5E2C5D1824D98EE100E2B95F /* Products */,
				D01BC0154B74CFCC3532CF7E /* Pods */,
				3C67463A29E716FFCCC6D12C /* Frameworks */,
			);
			indentWidth = 2;
			sourceTree = "<group>";
			tabWidth = 2;
		};
		5E2C5D1824D98EE100E2B95F /* Products */ = {
			isa = PBXGroup;
			children = (
				5E2C5D1724D98EE100E2B95F /* Permanent.app */,
			);
			name = Products;
			sourceTree = "<group>";
		};
		5E2C5D1924D98EE100E2B95F /* Permanent */ = {
			isa = PBXGroup;
			children = (
				BC0108802510E009002F9FD6 /* Support Files */,
				06644A8124EA70D5003CD359 /* Views */,
				06644A7C24EA6E35003CD359 /* Interfaces */,
				06B0EB2C24E68289003D90C6 /* ViewModels */,
				5ED0856524E3E5CA00CDB4D3 /* AddedFonts */,
				06B0EB2B24E67FBC003D90C6 /* Models */,
				06B0EB2624E67E52003D90C6 /* Extensions */,
				06B0EB2124E6786F003D90C6 /* ViewControllers */,
				5E2C5D1A24D98EE100E2B95F /* AppDelegate.swift */,
				5E2C5D1E24D98EE100E2B95F /* ViewController.swift */,
				5ED0855A24E2E25E00CDB4D3 /* Onboarding */,
				5E2C5D2324D98EE300E2B95F /* Assets.xcassets */,
				5E2C5D2524D98EE300E2B95F /* LaunchScreen.storyboard */,
				5E2C5D2824D98EE300E2B95F /* Info.plist */,
				06B0EB2924E67EC4003D90C6 /* Constants.swift */,
			);
			path = Permanent;
			sourceTree = "<group>";
		};
		5ED0855A24E2E25E00CDB4D3 /* Onboarding */ = {
			isa = PBXGroup;
			children = (
				5ED0855624E2E04400CDB4D3 /* OnBoardingView.swift */,
				5E1DCA7824E17B78008F515B /* OnboardingViewModel.swift */,
				5ED0855824E2E06300CDB4D3 /* OnboardingModel.swift */,
			);
			path = Onboarding;
			sourceTree = "<group>";
		};
		5ED0856524E3E5CA00CDB4D3 /* AddedFonts */ = {
			isa = PBXGroup;
			children = (
				5ED0855F24E3E5C300CDB4D3 /* OpenSans-Bold.ttf */,
				5ED0856124E3E5C300CDB4D3 /* OpenSans-BoldItalic.ttf */,
				5ED0856224E3E5C300CDB4D3 /* OpenSans-ExtraBold.ttf */,
				5ED0855D24E3E5C300CDB4D3 /* OpenSans-ExtraBoldItalic.ttf */,
				5ED0856324E3E5C300CDB4D3 /* OpenSans-Italic.ttf */,
				5ED0855C24E3E5C300CDB4D3 /* OpenSans-Light.ttf */,
				5ED0855E24E3E5C300CDB4D3 /* OpenSans-LightItalic.ttf */,
				5ED0856424E3E5C400CDB4D3 /* OpenSans-Regular.ttf */,
				5ED0855B24E3E5C300CDB4D3 /* OpenSans-SemiBold.ttf */,
				5ED0856024E3E5C300CDB4D3 /* OpenSans-SemiBoldItalic.ttf */,
			);
			path = AddedFonts;
			sourceTree = "<group>";
		};
		BC0108802510E009002F9FD6 /* Support Files */ = {
			isa = PBXGroup;
			children = (
				BC0108872511ED88002F9FD6 /* DEV-GoogleService-Info.plist */,
				BC0108812510E03C002F9FD6 /* GoogleService-Info.plist */,
			);
			path = "Support Files";
			sourceTree = "<group>";
		};
		D01BC0154B74CFCC3532CF7E /* Pods */ = {
			isa = PBXGroup;
			children = (
				628A94E96CD91F0A955E033A /* Pods-Permanent.debug.xcconfig */,
				638FB579479242C67D418F05 /* Pods-Permanent.release.xcconfig */,
				548D706A1AF31B9CECE03A4F /* Pods-Permanent.dev-debug.xcconfig */,
				5A2BA2B5BA83E0C9E01CE8D0 /* Pods-Permanent.dev-release.xcconfig */,
			);
			path = Pods;
			sourceTree = "<group>";
		};
/* End PBXGroup section */

/* Begin PBXNativeTarget section */
		5E2C5D1624D98EE100E2B95F /* Permanent */ = {
			isa = PBXNativeTarget;
			buildConfigurationList = 5E2C5D2B24D98EE300E2B95F /* Build configuration list for PBXNativeTarget "Permanent" */;
			buildPhases = (
				9783436230B00A02F04A4EE7 /* [CP] Check Pods Manifest.lock */,
				5E2C5D1324D98EE100E2B95F /* Sources */,
				5E2C5D1424D98EE100E2B95F /* Frameworks */,
				5E2C5D1524D98EE100E2B95F /* Resources */,
				37666589AEFA6D82CD449C61 /* [CP] Embed Pods Frameworks */,
			);
			buildRules = (
			);
			dependencies = (
			);
			name = Permanent;
			productName = Permanent;
			productReference = 5E2C5D1724D98EE100E2B95F /* Permanent.app */;
			productType = "com.apple.product-type.application";
		};
/* End PBXNativeTarget section */

/* Begin PBXProject section */
		5E2C5D0F24D98EE100E2B95F /* Project object */ = {
			isa = PBXProject;
			attributes = {
				LastSwiftUpdateCheck = 1160;
				LastUpgradeCheck = 1160;
				ORGANIZATIONNAME = "Lucian Cerbu";
				TargetAttributes = {
					5E2C5D1624D98EE100E2B95F = {
						CreatedOnToolsVersion = 11.6;
					};
				};
			};
			buildConfigurationList = 5E2C5D1224D98EE100E2B95F /* Build configuration list for PBXProject "Permanent" */;
			compatibilityVersion = "Xcode 9.3";
			developmentRegion = en;
			hasScannedForEncodings = 0;
			knownRegions = (
				en,
				Base,
			);
			mainGroup = 5E2C5D0E24D98EE100E2B95F;
			productRefGroup = 5E2C5D1824D98EE100E2B95F /* Products */;
			projectDirPath = "";
			projectRoot = "";
			targets = (
				5E2C5D1624D98EE100E2B95F /* Permanent */,
			);
		};
/* End PBXProject section */

/* Begin PBXResourcesBuildPhase section */
		5E2C5D1524D98EE100E2B95F /* Resources */ = {
			isa = PBXResourcesBuildPhase;
			buildActionMask = 2147483647;
			files = (
				5ED0856E24E4257500CDB4D3 /* OpenSans-Italic.ttf in Resources */,
				5ED0856D24E4257100CDB4D3 /* OpenSans-Regular.ttf in Resources */,
				BC0108822510E03C002F9FD6 /* GoogleService-Info.plist in Resources */,
				BC0108882511ED88002F9FD6 /* DEV-GoogleService-Info.plist in Resources */,
				5ED0856C24E4256B00CDB4D3 /* OpenSans-SemiBold.ttf in Resources */,
				5ED0856B24E4256500CDB4D3 /* OpenSans-Bold.ttf in Resources */,
				5E2C5D2724D98EE300E2B95F /* LaunchScreen.storyboard in Resources */,
				06B0EB2324E6788F003D90C6 /* SignUpViewController.xib in Resources */,
				06644A8D24EBF51A003CD359 /* BigLogoView.xib in Resources */,
				5E2C5D2424D98EE300E2B95F /* Assets.xcassets in Resources */,
			);
			runOnlyForDeploymentPostprocessing = 0;
		};
/* End PBXResourcesBuildPhase section */

/* Begin PBXShellScriptBuildPhase section */
		37666589AEFA6D82CD449C61 /* [CP] Embed Pods Frameworks */ = {
			isa = PBXShellScriptBuildPhase;
			buildActionMask = 2147483647;
			files = (
			);
			inputFileListPaths = (
				"${PODS_ROOT}/Target Support Files/Pods-Permanent/Pods-Permanent-frameworks-${CONFIGURATION}-input-files.xcfilelist",
			);
			name = "[CP] Embed Pods Frameworks";
			outputFileListPaths = (
				"${PODS_ROOT}/Target Support Files/Pods-Permanent/Pods-Permanent-frameworks-${CONFIGURATION}-output-files.xcfilelist",
			);
			runOnlyForDeploymentPostprocessing = 0;
			shellPath = /bin/sh;
			shellScript = "\"${PODS_ROOT}/Target Support Files/Pods-Permanent/Pods-Permanent-frameworks.sh\"\n";
			showEnvVarsInLog = 0;
		};
		9783436230B00A02F04A4EE7 /* [CP] Check Pods Manifest.lock */ = {
			isa = PBXShellScriptBuildPhase;
			buildActionMask = 2147483647;
			files = (
			);
			inputFileListPaths = (
			);
			inputPaths = (
				"${PODS_PODFILE_DIR_PATH}/Podfile.lock",
				"${PODS_ROOT}/Manifest.lock",
			);
			name = "[CP] Check Pods Manifest.lock";
			outputFileListPaths = (
			);
			outputPaths = (
				"$(DERIVED_FILE_DIR)/Pods-Permanent-checkManifestLockResult.txt",
			);
			runOnlyForDeploymentPostprocessing = 0;
			shellPath = /bin/sh;
			shellScript = "diff \"${PODS_PODFILE_DIR_PATH}/Podfile.lock\" \"${PODS_ROOT}/Manifest.lock\" > /dev/null\nif [ $? != 0 ] ; then\n    # print error to STDERR\n    echo \"error: The sandbox is not in sync with the Podfile.lock. Run 'pod install' or update your CocoaPods installation.\" >&2\n    exit 1\nfi\n# This output is used by Xcode 'outputs' to avoid re-running this script phase.\necho \"SUCCESS\" > \"${SCRIPT_OUTPUT_FILE_0}\"\n";
			showEnvVarsInLog = 0;
		};
/* End PBXShellScriptBuildPhase section */

/* Begin PBXSourcesBuildPhase section */
		5E2C5D1324D98EE100E2B95F /* Sources */ = {
			isa = PBXSourcesBuildPhase;
			buildActionMask = 2147483647;
			files = (
				06B0EB2524E67B6A003D90C6 /* SignUpViewController.swift in Sources */,
				06644A8B24EBF4CD003CD359 /* CustomView.swift in Sources */,
				5E2C5D1F24D98EE100E2B95F /* ViewController.swift in Sources */,
				5E1DCA7924E17B78008F515B /* OnboardingViewModel.swift in Sources */,
				06644A8924EA78F5003CD359 /* ViewModelDelegateInterface.swift in Sources */,
				06644A8F24EBF72C003CD359 /* BigLogoView.swift in Sources */,
				5ED0855924E2E06300CDB4D3 /* OnboardingModel.swift in Sources */,
				06644A8724EA772D003CD359 /* CustomButton.swift in Sources */,
				06819AA624EC208F003D0EB0 /* CustomTextField.swift in Sources */,
				06B0EB2A24E67EC4003D90C6 /* Constants.swift in Sources */,
				06819AA824EC20CB003D0EB0 /* TextField.swift in Sources */,
				06644A8024EA6F47003CD359 /* BaseViewController.swift in Sources */,
				5E2C5D1B24D98EE100E2B95F /* AppDelegate.swift in Sources */,
				06644A7E24EA6E47003CD359 /* ViewModelInterface.swift in Sources */,
				5ED0855724E2E04400CDB4D3 /* OnBoardingView.swift in Sources */,
				5ED0856A24E3EBBB00CDB4D3 /* TextStyle.swift in Sources */,
				06B0EB2E24E68298003D90C6 /* SignUpViewModel.swift in Sources */,
				06B0EB2824E67E6A003D90C6 /* UIColor.swift in Sources */,
				06644A8524EA7156003CD359 /* RoundedButton.swift in Sources */,
			);
			runOnlyForDeploymentPostprocessing = 0;
		};
/* End PBXSourcesBuildPhase section */

/* Begin PBXVariantGroup section */
		5E2C5D2524D98EE300E2B95F /* LaunchScreen.storyboard */ = {
			isa = PBXVariantGroup;
			children = (
				5E2C5D2624D98EE300E2B95F /* Base */,
			);
			name = LaunchScreen.storyboard;
			sourceTree = "<group>";
		};
/* End PBXVariantGroup section */

/* Begin XCBuildConfiguration section */
		5E2C5D2924D98EE300E2B95F /* Debug */ = {
			isa = XCBuildConfiguration;
			buildSettings = {
				ALWAYS_SEARCH_USER_PATHS = NO;
				CLANG_ANALYZER_NONNULL = YES;
				CLANG_ANALYZER_NUMBER_OBJECT_CONVERSION = YES_AGGRESSIVE;
				CLANG_CXX_LANGUAGE_STANDARD = "gnu++14";
				CLANG_CXX_LIBRARY = "libc++";
				CLANG_ENABLE_MODULES = YES;
				CLANG_ENABLE_OBJC_ARC = YES;
				CLANG_ENABLE_OBJC_WEAK = YES;
				CLANG_WARN_BLOCK_CAPTURE_AUTORELEASING = YES;
				CLANG_WARN_BOOL_CONVERSION = YES;
				CLANG_WARN_COMMA = YES;
				CLANG_WARN_CONSTANT_CONVERSION = YES;
				CLANG_WARN_DEPRECATED_OBJC_IMPLEMENTATIONS = YES;
				CLANG_WARN_DIRECT_OBJC_ISA_USAGE = YES_ERROR;
				CLANG_WARN_DOCUMENTATION_COMMENTS = YES;
				CLANG_WARN_EMPTY_BODY = YES;
				CLANG_WARN_ENUM_CONVERSION = YES;
				CLANG_WARN_INFINITE_RECURSION = YES;
				CLANG_WARN_INT_CONVERSION = YES;
				CLANG_WARN_NON_LITERAL_NULL_CONVERSION = YES;
				CLANG_WARN_OBJC_IMPLICIT_RETAIN_SELF = YES;
				CLANG_WARN_OBJC_LITERAL_CONVERSION = YES;
				CLANG_WARN_OBJC_ROOT_CLASS = YES_ERROR;
				CLANG_WARN_RANGE_LOOP_ANALYSIS = YES;
				CLANG_WARN_STRICT_PROTOTYPES = YES;
				CLANG_WARN_SUSPICIOUS_MOVE = YES;
				CLANG_WARN_UNGUARDED_AVAILABILITY = YES_AGGRESSIVE;
				CLANG_WARN_UNREACHABLE_CODE = YES;
				CLANG_WARN__DUPLICATE_METHOD_MATCH = YES;
				COPY_PHASE_STRIP = NO;
				DEBUG_INFORMATION_FORMAT = dwarf;
				ENABLE_STRICT_OBJC_MSGSEND = YES;
				ENABLE_TESTABILITY = YES;
				GCC_C_LANGUAGE_STANDARD = gnu11;
				GCC_DYNAMIC_NO_PIC = NO;
				GCC_NO_COMMON_BLOCKS = YES;
				GCC_OPTIMIZATION_LEVEL = 0;
				GCC_PREPROCESSOR_DEFINITIONS = (
					"DEBUG=1",
					"$(inherited)",
				);
				GCC_WARN_64_TO_32_BIT_CONVERSION = YES;
				GCC_WARN_ABOUT_RETURN_TYPE = YES_ERROR;
				GCC_WARN_UNDECLARED_SELECTOR = YES;
				GCC_WARN_UNINITIALIZED_AUTOS = YES_AGGRESSIVE;
				GCC_WARN_UNUSED_FUNCTION = YES;
				GCC_WARN_UNUSED_VARIABLE = YES;
				IPHONEOS_DEPLOYMENT_TARGET = 12.0;
				MTL_ENABLE_DEBUG_INFO = INCLUDE_SOURCE;
				MTL_FAST_MATH = YES;
				ONLY_ACTIVE_ARCH = YES;
				SDKROOT = iphoneos;
				SWIFT_ACTIVE_COMPILATION_CONDITIONS = DEBUG;
				SWIFT_OPTIMIZATION_LEVEL = "-Onone";
			};
			name = Debug;
		};
		5E2C5D2A24D98EE300E2B95F /* Release */ = {
			isa = XCBuildConfiguration;
			buildSettings = {
				ALWAYS_SEARCH_USER_PATHS = NO;
				CLANG_ANALYZER_NONNULL = YES;
				CLANG_ANALYZER_NUMBER_OBJECT_CONVERSION = YES_AGGRESSIVE;
				CLANG_CXX_LANGUAGE_STANDARD = "gnu++14";
				CLANG_CXX_LIBRARY = "libc++";
				CLANG_ENABLE_MODULES = YES;
				CLANG_ENABLE_OBJC_ARC = YES;
				CLANG_ENABLE_OBJC_WEAK = YES;
				CLANG_WARN_BLOCK_CAPTURE_AUTORELEASING = YES;
				CLANG_WARN_BOOL_CONVERSION = YES;
				CLANG_WARN_COMMA = YES;
				CLANG_WARN_CONSTANT_CONVERSION = YES;
				CLANG_WARN_DEPRECATED_OBJC_IMPLEMENTATIONS = YES;
				CLANG_WARN_DIRECT_OBJC_ISA_USAGE = YES_ERROR;
				CLANG_WARN_DOCUMENTATION_COMMENTS = YES;
				CLANG_WARN_EMPTY_BODY = YES;
				CLANG_WARN_ENUM_CONVERSION = YES;
				CLANG_WARN_INFINITE_RECURSION = YES;
				CLANG_WARN_INT_CONVERSION = YES;
				CLANG_WARN_NON_LITERAL_NULL_CONVERSION = YES;
				CLANG_WARN_OBJC_IMPLICIT_RETAIN_SELF = YES;
				CLANG_WARN_OBJC_LITERAL_CONVERSION = YES;
				CLANG_WARN_OBJC_ROOT_CLASS = YES_ERROR;
				CLANG_WARN_RANGE_LOOP_ANALYSIS = YES;
				CLANG_WARN_STRICT_PROTOTYPES = YES;
				CLANG_WARN_SUSPICIOUS_MOVE = YES;
				CLANG_WARN_UNGUARDED_AVAILABILITY = YES_AGGRESSIVE;
				CLANG_WARN_UNREACHABLE_CODE = YES;
				CLANG_WARN__DUPLICATE_METHOD_MATCH = YES;
				COPY_PHASE_STRIP = NO;
				DEBUG_INFORMATION_FORMAT = "dwarf-with-dsym";
				ENABLE_NS_ASSERTIONS = NO;
				ENABLE_STRICT_OBJC_MSGSEND = YES;
				GCC_C_LANGUAGE_STANDARD = gnu11;
				GCC_NO_COMMON_BLOCKS = YES;
				GCC_WARN_64_TO_32_BIT_CONVERSION = YES;
				GCC_WARN_ABOUT_RETURN_TYPE = YES_ERROR;
				GCC_WARN_UNDECLARED_SELECTOR = YES;
				GCC_WARN_UNINITIALIZED_AUTOS = YES_AGGRESSIVE;
				GCC_WARN_UNUSED_FUNCTION = YES;
				GCC_WARN_UNUSED_VARIABLE = YES;
				IPHONEOS_DEPLOYMENT_TARGET = 12.0;
				MTL_ENABLE_DEBUG_INFO = NO;
				MTL_FAST_MATH = YES;
				SDKROOT = iphoneos;
				SWIFT_COMPILATION_MODE = wholemodule;
				SWIFT_OPTIMIZATION_LEVEL = "-O";
				VALIDATE_PRODUCT = YES;
			};
			name = Release;
		};
		5E2C5D2C24D98EE300E2B95F /* Debug */ = {
			isa = XCBuildConfiguration;
			baseConfigurationReference = 628A94E96CD91F0A955E033A /* Pods-Permanent.debug.xcconfig */;
			buildSettings = {
				ASSETCATALOG_COMPILER_APPICON_NAME = AppIcon;
				CODE_SIGN_IDENTITY = "Apple Development";
				CODE_SIGN_STYLE = Automatic;
				DEVELOPMENT_TEAM = 78FDB4XPKP;
				GOOGLE_PLIST_NAME = "GoogleService-Info";
				INFOPLIST_FILE = Permanent/Info.plist;
				IPHONEOS_DEPLOYMENT_TARGET = 12.0;
				LD_RUNPATH_SEARCH_PATHS = (
					"$(inherited)",
					"@executable_path/Frameworks",
				);
				PRODUCT_BUNDLE_IDENTIFIER = org.permanent.permanent;
				PRODUCT_NAME = "$(TARGET_NAME)";
				PROVISIONING_PROFILE_SPECIFIER = "";
				SWIFT_VERSION = 5.0;
				TARGETED_DEVICE_FAMILY = 1;
			};
			name = Debug;
		};
		5E2C5D2D24D98EE300E2B95F /* Release */ = {
			isa = XCBuildConfiguration;
			baseConfigurationReference = 638FB579479242C67D418F05 /* Pods-Permanent.release.xcconfig */;
			buildSettings = {
				ASSETCATALOG_COMPILER_APPICON_NAME = AppIcon;
				CODE_SIGN_IDENTITY = "Apple Development";
				CODE_SIGN_STYLE = Automatic;
				DEVELOPMENT_TEAM = 78FDB4XPKP;
				GOOGLE_PLIST_NAME = "GoogleService-Info";
				INFOPLIST_FILE = Permanent/Info.plist;
				IPHONEOS_DEPLOYMENT_TARGET = 12.0;
				LD_RUNPATH_SEARCH_PATHS = (
					"$(inherited)",
					"@executable_path/Frameworks",
				);
				PRODUCT_BUNDLE_IDENTIFIER = org.permanent.permanent;
				PRODUCT_NAME = "$(TARGET_NAME)";
				PROVISIONING_PROFILE_SPECIFIER = "";
				SWIFT_VERSION = 5.0;
				TARGETED_DEVICE_FAMILY = 1;
			};
			name = Release;
		};
		BC0108832511E8D7002F9FD6 /* DEV-Debug */ = {
			isa = XCBuildConfiguration;
			buildSettings = {
				ALWAYS_SEARCH_USER_PATHS = NO;
				CLANG_ANALYZER_NONNULL = YES;
				CLANG_ANALYZER_NUMBER_OBJECT_CONVERSION = YES_AGGRESSIVE;
				CLANG_CXX_LANGUAGE_STANDARD = "gnu++14";
				CLANG_CXX_LIBRARY = "libc++";
				CLANG_ENABLE_MODULES = YES;
				CLANG_ENABLE_OBJC_ARC = YES;
				CLANG_ENABLE_OBJC_WEAK = YES;
				CLANG_WARN_BLOCK_CAPTURE_AUTORELEASING = YES;
				CLANG_WARN_BOOL_CONVERSION = YES;
				CLANG_WARN_COMMA = YES;
				CLANG_WARN_CONSTANT_CONVERSION = YES;
				CLANG_WARN_DEPRECATED_OBJC_IMPLEMENTATIONS = YES;
				CLANG_WARN_DIRECT_OBJC_ISA_USAGE = YES_ERROR;
				CLANG_WARN_DOCUMENTATION_COMMENTS = YES;
				CLANG_WARN_EMPTY_BODY = YES;
				CLANG_WARN_ENUM_CONVERSION = YES;
				CLANG_WARN_INFINITE_RECURSION = YES;
				CLANG_WARN_INT_CONVERSION = YES;
				CLANG_WARN_NON_LITERAL_NULL_CONVERSION = YES;
				CLANG_WARN_OBJC_IMPLICIT_RETAIN_SELF = YES;
				CLANG_WARN_OBJC_LITERAL_CONVERSION = YES;
				CLANG_WARN_OBJC_ROOT_CLASS = YES_ERROR;
				CLANG_WARN_RANGE_LOOP_ANALYSIS = YES;
				CLANG_WARN_STRICT_PROTOTYPES = YES;
				CLANG_WARN_SUSPICIOUS_MOVE = YES;
				CLANG_WARN_UNGUARDED_AVAILABILITY = YES_AGGRESSIVE;
				CLANG_WARN_UNREACHABLE_CODE = YES;
				CLANG_WARN__DUPLICATE_METHOD_MATCH = YES;
				COPY_PHASE_STRIP = NO;
				DEBUG_INFORMATION_FORMAT = dwarf;
				ENABLE_STRICT_OBJC_MSGSEND = YES;
				ENABLE_TESTABILITY = YES;
				GCC_C_LANGUAGE_STANDARD = gnu11;
				GCC_DYNAMIC_NO_PIC = NO;
				GCC_NO_COMMON_BLOCKS = YES;
				GCC_OPTIMIZATION_LEVEL = 0;
				GCC_PREPROCESSOR_DEFINITIONS = (
					"DEBUG=1",
					"$(inherited)",
				);
				GCC_WARN_64_TO_32_BIT_CONVERSION = YES;
				GCC_WARN_ABOUT_RETURN_TYPE = YES_ERROR;
				GCC_WARN_UNDECLARED_SELECTOR = YES;
				GCC_WARN_UNINITIALIZED_AUTOS = YES_AGGRESSIVE;
				GCC_WARN_UNUSED_FUNCTION = YES;
				GCC_WARN_UNUSED_VARIABLE = YES;
				IPHONEOS_DEPLOYMENT_TARGET = 12.0;
				MTL_ENABLE_DEBUG_INFO = INCLUDE_SOURCE;
				MTL_FAST_MATH = YES;
				ONLY_ACTIVE_ARCH = YES;
				SDKROOT = iphoneos;
				SWIFT_ACTIVE_COMPILATION_CONDITIONS = DEBUG;
				SWIFT_OPTIMIZATION_LEVEL = "-Onone";
			};
			name = "DEV-Debug";
		};
		BC0108842511E8D7002F9FD6 /* DEV-Debug */ = {
			isa = XCBuildConfiguration;
			baseConfigurationReference = 548D706A1AF31B9CECE03A4F /* Pods-Permanent.dev-debug.xcconfig */;
			buildSettings = {
				ASSETCATALOG_COMPILER_APPICON_NAME = AppIcon;
				CODE_SIGN_IDENTITY = "Apple Development";
				CODE_SIGN_STYLE = Automatic;
				DEVELOPMENT_TEAM = 78FDB4XPKP;
				GOOGLE_PLIST_NAME = "DEV-GoogleService-Info";
				INFOPLIST_FILE = Permanent/Info.plist;
				IPHONEOS_DEPLOYMENT_TARGET = 12.0;
				LD_RUNPATH_SEARCH_PATHS = (
					"$(inherited)",
					"@executable_path/Frameworks",
				);
				PRODUCT_BUNDLE_IDENTIFIER = org.permanent.permanent.dev;
				PRODUCT_NAME = "$(TARGET_NAME) Dev";
				PROVISIONING_PROFILE_SPECIFIER = "";
				SWIFT_VERSION = 5.0;
				TARGETED_DEVICE_FAMILY = 1;
			};
			name = "DEV-Debug";
		};
		BC0108852511E96A002F9FD6 /* DEV-Release */ = {
			isa = XCBuildConfiguration;
			buildSettings = {
				ALWAYS_SEARCH_USER_PATHS = NO;
				CLANG_ANALYZER_NONNULL = YES;
				CLANG_ANALYZER_NUMBER_OBJECT_CONVERSION = YES_AGGRESSIVE;
				CLANG_CXX_LANGUAGE_STANDARD = "gnu++14";
				CLANG_CXX_LIBRARY = "libc++";
				CLANG_ENABLE_MODULES = YES;
				CLANG_ENABLE_OBJC_ARC = YES;
				CLANG_ENABLE_OBJC_WEAK = YES;
				CLANG_WARN_BLOCK_CAPTURE_AUTORELEASING = YES;
				CLANG_WARN_BOOL_CONVERSION = YES;
				CLANG_WARN_COMMA = YES;
				CLANG_WARN_CONSTANT_CONVERSION = YES;
				CLANG_WARN_DEPRECATED_OBJC_IMPLEMENTATIONS = YES;
				CLANG_WARN_DIRECT_OBJC_ISA_USAGE = YES_ERROR;
				CLANG_WARN_DOCUMENTATION_COMMENTS = YES;
				CLANG_WARN_EMPTY_BODY = YES;
				CLANG_WARN_ENUM_CONVERSION = YES;
				CLANG_WARN_INFINITE_RECURSION = YES;
				CLANG_WARN_INT_CONVERSION = YES;
				CLANG_WARN_NON_LITERAL_NULL_CONVERSION = YES;
				CLANG_WARN_OBJC_IMPLICIT_RETAIN_SELF = YES;
				CLANG_WARN_OBJC_LITERAL_CONVERSION = YES;
				CLANG_WARN_OBJC_ROOT_CLASS = YES_ERROR;
				CLANG_WARN_RANGE_LOOP_ANALYSIS = YES;
				CLANG_WARN_STRICT_PROTOTYPES = YES;
				CLANG_WARN_SUSPICIOUS_MOVE = YES;
				CLANG_WARN_UNGUARDED_AVAILABILITY = YES_AGGRESSIVE;
				CLANG_WARN_UNREACHABLE_CODE = YES;
				CLANG_WARN__DUPLICATE_METHOD_MATCH = YES;
				COPY_PHASE_STRIP = NO;
				DEBUG_INFORMATION_FORMAT = "dwarf-with-dsym";
				ENABLE_NS_ASSERTIONS = NO;
				ENABLE_STRICT_OBJC_MSGSEND = YES;
				GCC_C_LANGUAGE_STANDARD = gnu11;
				GCC_NO_COMMON_BLOCKS = YES;
				GCC_WARN_64_TO_32_BIT_CONVERSION = YES;
				GCC_WARN_ABOUT_RETURN_TYPE = YES_ERROR;
				GCC_WARN_UNDECLARED_SELECTOR = YES;
				GCC_WARN_UNINITIALIZED_AUTOS = YES_AGGRESSIVE;
				GCC_WARN_UNUSED_FUNCTION = YES;
				GCC_WARN_UNUSED_VARIABLE = YES;
				IPHONEOS_DEPLOYMENT_TARGET = 12.0;
				MTL_ENABLE_DEBUG_INFO = NO;
				MTL_FAST_MATH = YES;
				SDKROOT = iphoneos;
				SWIFT_COMPILATION_MODE = wholemodule;
				SWIFT_OPTIMIZATION_LEVEL = "-O";
				VALIDATE_PRODUCT = YES;
			};
			name = "DEV-Release";
		};
		BC0108862511E96A002F9FD6 /* DEV-Release */ = {
			isa = XCBuildConfiguration;
			baseConfigurationReference = 5A2BA2B5BA83E0C9E01CE8D0 /* Pods-Permanent.dev-release.xcconfig */;
			buildSettings = {
				ASSETCATALOG_COMPILER_APPICON_NAME = AppIcon;
				CODE_SIGN_IDENTITY = "Apple Development";
				CODE_SIGN_STYLE = Automatic;
				DEVELOPMENT_TEAM = 78FDB4XPKP;
				GOOGLE_PLIST_NAME = "DEV-GoogleService-Info";
				INFOPLIST_FILE = Permanent/Info.plist;
				IPHONEOS_DEPLOYMENT_TARGET = 12.0;
				LD_RUNPATH_SEARCH_PATHS = (
					"$(inherited)",
					"@executable_path/Frameworks",
				);
				PRODUCT_BUNDLE_IDENTIFIER = org.permanent.permanent.dev;
				PRODUCT_NAME = "$(TARGET_NAME) Dev";
				PROVISIONING_PROFILE_SPECIFIER = "";
				SWIFT_VERSION = 5.0;
				TARGETED_DEVICE_FAMILY = 1;
			};
			name = "DEV-Release";
		};
/* End XCBuildConfiguration section */

/* Begin XCConfigurationList section */
		5E2C5D1224D98EE100E2B95F /* Build configuration list for PBXProject "Permanent" */ = {
			isa = XCConfigurationList;
			buildConfigurations = (
				5E2C5D2924D98EE300E2B95F /* Debug */,
				BC0108832511E8D7002F9FD6 /* DEV-Debug */,
				5E2C5D2A24D98EE300E2B95F /* Release */,
				BC0108852511E96A002F9FD6 /* DEV-Release */,
			);
			defaultConfigurationIsVisible = 0;
			defaultConfigurationName = Release;
		};
		5E2C5D2B24D98EE300E2B95F /* Build configuration list for PBXNativeTarget "Permanent" */ = {
			isa = XCConfigurationList;
			buildConfigurations = (
				5E2C5D2C24D98EE300E2B95F /* Debug */,
				BC0108842511E8D7002F9FD6 /* DEV-Debug */,
				5E2C5D2D24D98EE300E2B95F /* Release */,
				BC0108862511E96A002F9FD6 /* DEV-Release */,
			);
			defaultConfigurationIsVisible = 0;
			defaultConfigurationName = Release;
		};
/* End XCConfigurationList section */
	};
	rootObject = 5E2C5D0F24D98EE100E2B95F /* Project object */;
}
