// !$*UTF8*$!
{
	archiveVersion = 1;
	classes = {
	};
	objectVersion = 51;
	objects = {

/* Begin PBXBuildFile section */
		06644A7E24EA6E47003CD359 /* ViewModelInterface.swift in Sources */ = {isa = PBXBuildFile; fileRef = 06644A7D24EA6E47003CD359 /* ViewModelInterface.swift */; };
		06644A8024EA6F47003CD359 /* BaseViewController.swift in Sources */ = {isa = PBXBuildFile; fileRef = 06644A7F24EA6F47003CD359 /* BaseViewController.swift */; };
		06644A8524EA7156003CD359 /* RoundedButton.swift in Sources */ = {isa = PBXBuildFile; fileRef = 06644A8424EA7156003CD359 /* RoundedButton.swift */; };
		06644A8724EA772D003CD359 /* CustomButton.swift in Sources */ = {isa = PBXBuildFile; fileRef = 06644A8624EA772D003CD359 /* CustomButton.swift */; };
		06644A8924EA78F5003CD359 /* ViewModelDelegateInterface.swift in Sources */ = {isa = PBXBuildFile; fileRef = 06644A8824EA78F5003CD359 /* ViewModelDelegateInterface.swift */; };
		06644A8B24EBF4CD003CD359 /* CustomView.swift in Sources */ = {isa = PBXBuildFile; fileRef = 06644A8A24EBF4CD003CD359 /* CustomView.swift */; };
		06644A8D24EBF51A003CD359 /* BigLogoView.xib in Resources */ = {isa = PBXBuildFile; fileRef = 06644A8C24EBF51A003CD359 /* BigLogoView.xib */; };
		06644A8F24EBF72C003CD359 /* BigLogoView.swift in Sources */ = {isa = PBXBuildFile; fileRef = 06644A8E24EBF72C003CD359 /* BigLogoView.swift */; };
		06819AA624EC208F003D0EB0 /* CustomTextField.swift in Sources */ = {isa = PBXBuildFile; fileRef = 06819AA524EC208F003D0EB0 /* CustomTextField.swift */; };
		06819AA824EC20CB003D0EB0 /* TextField.swift in Sources */ = {isa = PBXBuildFile; fileRef = 06819AA724EC20CB003D0EB0 /* TextField.swift */; };
		06B0EB2824E67E6A003D90C6 /* UIColor.swift in Sources */ = {isa = PBXBuildFile; fileRef = 06B0EB2724E67E6A003D90C6 /* UIColor.swift */; };
		06B0EB2A24E67EC4003D90C6 /* Constants.swift in Sources */ = {isa = PBXBuildFile; fileRef = 06B0EB2924E67EC4003D90C6 /* Constants.swift */; };
		06B0EB2E24E68298003D90C6 /* AccountViewModel.swift in Sources */ = {isa = PBXBuildFile; fileRef = 06B0EB2D24E68298003D90C6 /* AccountViewModel.swift */; };
		5E2C5D1B24D98EE100E2B95F /* AppDelegate.swift in Sources */ = {isa = PBXBuildFile; fileRef = 5E2C5D1A24D98EE100E2B95F /* AppDelegate.swift */; };
		5E2C5D2424D98EE300E2B95F /* Assets.xcassets in Resources */ = {isa = PBXBuildFile; fileRef = 5E2C5D2324D98EE300E2B95F /* Assets.xcassets */; };
		5E2C5D2724D98EE300E2B95F /* Launch.storyboard in Resources */ = {isa = PBXBuildFile; fileRef = 5E2C5D2524D98EE300E2B95F /* Launch.storyboard */; };
		5E3CD44E24EE7F390081B978 /* Onboarding.storyboard in Resources */ = {isa = PBXBuildFile; fileRef = 5E3CD44D24EE7F390081B978 /* Onboarding.storyboard */; };
		5E60451D251206F9002E47CB /* OnboardingViewModel.swift in Sources */ = {isa = PBXBuildFile; fileRef = 5E60451C251206F9002E47CB /* OnboardingViewModel.swift */; };
		5E60451E25120826002E47CB /* SignUpViewController.swift in Sources */ = {isa = PBXBuildFile; fileRef = 06B0EB2424E67B6A003D90C6 /* SignUpViewController.swift */; };
		5E8A3E4B24F3AB4300812361 /* BasePageViewController.swift in Sources */ = {isa = PBXBuildFile; fileRef = 5E8A3E4A24F3AB4300812361 /* BasePageViewController.swift */; };
		5E8A3E4D24F3ABD500812361 /* PageViewModel.swift in Sources */ = {isa = PBXBuildFile; fileRef = 5E8A3E4C24F3ABD500812361 /* PageViewModel.swift */; };
		5E8A3E4F24F3AF4800812361 /* PageViewModelInterface.swift in Sources */ = {isa = PBXBuildFile; fileRef = 5E8A3E4E24F3AF4800812361 /* PageViewModelInterface.swift */; };
		5E8A3E5124F3AFCE00812361 /* PageViewModelDelegateInterface.swift in Sources */ = {isa = PBXBuildFile; fileRef = 5E8A3E5024F3AFCE00812361 /* PageViewModelDelegateInterface.swift */; };
		5ED0856A24E3EBBB00CDB4D3 /* TextStyle.swift in Sources */ = {isa = PBXBuildFile; fileRef = 5ED0856924E3EBBB00CDB4D3 /* TextStyle.swift */; };
		5ED0856B24E4256500CDB4D3 /* OpenSans-Bold.ttf in Resources */ = {isa = PBXBuildFile; fileRef = 5ED0855F24E3E5C300CDB4D3 /* OpenSans-Bold.ttf */; };
		5ED0856C24E4256B00CDB4D3 /* OpenSans-SemiBold.ttf in Resources */ = {isa = PBXBuildFile; fileRef = 5ED0855B24E3E5C300CDB4D3 /* OpenSans-SemiBold.ttf */; };
		5ED0856D24E4257100CDB4D3 /* OpenSans-Regular.ttf in Resources */ = {isa = PBXBuildFile; fileRef = 5ED0856424E3E5C400CDB4D3 /* OpenSans-Regular.ttf */; };
		5ED0856E24E4257500CDB4D3 /* OpenSans-Italic.ttf in Resources */ = {isa = PBXBuildFile; fileRef = 5ED0856324E3E5C300CDB4D3 /* OpenSans-Italic.ttf */; };
		5EE17FF624EE94DA00496AF7 /* PageViewController.swift in Sources */ = {isa = PBXBuildFile; fileRef = 5EE17FF524EE94DA00496AF7 /* PageViewController.swift */; };
		5EE17FFE24EE9AC500496AF7 /* OnboadingViewController.swift in Sources */ = {isa = PBXBuildFile; fileRef = 5EE17FFD24EE9AC500496AF7 /* OnboadingViewController.swift */; };
		5EE1800324EECBD500496AF7 /* OnboardingPageOne.swift in Sources */ = {isa = PBXBuildFile; fileRef = 5EE1800224EECBD500496AF7 /* OnboardingPageOne.swift */; };
		5EE1800524EF2A6F00496AF7 /* OnboardingPageTwo.swift in Sources */ = {isa = PBXBuildFile; fileRef = 5EE1800424EF2A6F00496AF7 /* OnboardingPageTwo.swift */; };
		5EE1800724EF2A8100496AF7 /* OnboardingPageThree.swift in Sources */ = {isa = PBXBuildFile; fileRef = 5EE1800624EF2A8100496AF7 /* OnboardingPageThree.swift */; };
		BC0108822510E03C002F9FD6 /* GoogleService-Info.plist in Resources */ = {isa = PBXBuildFile; fileRef = BC0108812510E03C002F9FD6 /* GoogleService-Info.plist */; };
		BC0108882511ED88002F9FD6 /* DEV-GoogleService-Info.plist in Resources */ = {isa = PBXBuildFile; fileRef = BC0108872511ED88002F9FD6 /* DEV-GoogleService-Info.plist */; };
		BC120C5F253EF8F500C41243 /* FABActionSheet.swift in Sources */ = {isa = PBXBuildFile; fileRef = BC120C5E253EF8F500C41243 /* FABActionSheet.swift */; };
		BC2D95A525382215005FE8EF /* FileType.swift in Sources */ = {isa = PBXBuildFile; fileRef = BC2D95A425382215005FE8EF /* FileType.swift */; };
		BC326AAF2526195E00A69597 /* APIErrors.swift in Sources */ = {isa = PBXBuildFile; fileRef = BC326AAE2526195E00A69597 /* APIErrors.swift */; };
		BC326AB1252738FB00A69597 /* AccountUpdateResponse.swift in Sources */ = {isa = PBXBuildFile; fileRef = BC326AB0252738FB00A69597 /* AccountUpdateResponse.swift */; };
		BC326AB32527393400A69597 /* AccountUpdateVO.swift in Sources */ = {isa = PBXBuildFile; fileRef = BC326AB22527393400A69597 /* AccountUpdateVO.swift */; };
		BC3DF862252DB8BA003D3829 /* LocalAuthErrors.swift in Sources */ = {isa = PBXBuildFile; fileRef = BC3DF861252DB8BA003D3829 /* LocalAuthErrors.swift */; };
		BC3DF865252DDCCC003D3829 /* BiometricsViewController.swift in Sources */ = {isa = PBXBuildFile; fileRef = BC3DF864252DDCCC003D3829 /* BiometricsViewController.swift */; };
		BC3DF868252DE642003D3829 /* BiometryUtils.swift in Sources */ = {isa = PBXBuildFile; fileRef = BC3DF867252DE642003D3829 /* BiometryUtils.swift */; };
		BC4526DA251BE53900E24A51 /* Localizable.strings in Resources */ = {isa = PBXBuildFile; fileRef = BC4526DC251BE53900E24A51 /* Localizable.strings */; };
		BC4526DE251C8C4200E24A51 /* Translations.swift in Sources */ = {isa = PBXBuildFile; fileRef = BC4526DD251C8C4200E24A51 /* Translations.swift */; };
		BC4526E0251CAB7F00E24A51 /* VerifyCodeResponse.swift in Sources */ = {isa = PBXBuildFile; fileRef = BC4526DF251CAB7F00E24A51 /* VerifyCodeResponse.swift */; };
		BC4526E5251CACB300E24A51 /* AccountVO.swift in Sources */ = {isa = PBXBuildFile; fileRef = BC4526E4251CACB300E24A51 /* AccountVO.swift */; };
		BC4526E8251CACDF00E24A51 /* CodableHelper.swift in Sources */ = {isa = PBXBuildFile; fileRef = BC4526E7251CACDF00E24A51 /* CodableHelper.swift */; };
		BC4526EA251CADF600E24A51 /* ArchiveVO.swift in Sources */ = {isa = PBXBuildFile; fileRef = BC4526E9251CADF600E24A51 /* ArchiveVO.swift */; };
		BC4526ED251CD62C00E24A51 /* MainViewController.swift in Sources */ = {isa = PBXBuildFile; fileRef = BC4526EC251CD62C00E24A51 /* MainViewController.swift */; };
		BC4526F1251CD6B600E24A51 /* Main.storyboard in Resources */ = {isa = PBXBuildFile; fileRef = BC4526F0251CD6B600E24A51 /* Main.storyboard */; };
		BC4526F3251CDB7000E24A51 /* UINavigationControllerExtension.swift in Sources */ = {isa = PBXBuildFile; fileRef = BC4526F2251CDB7000E24A51 /* UINavigationControllerExtension.swift */; };
		BC4526F5251DF5AE00E24A51 /* RootViewController.swift in Sources */ = {isa = PBXBuildFile; fileRef = BC4526F4251DF5AE00E24A51 /* RootViewController.swift */; };
		BC4526F7251DF5E900E24A51 /* SplashViewController.swift in Sources */ = {isa = PBXBuildFile; fileRef = BC4526F6251DF5E900E24A51 /* SplashViewController.swift */; };
		BC4526F9251DF60A00E24A51 /* SplashViewModel.swift in Sources */ = {isa = PBXBuildFile; fileRef = BC4526F8251DF60A00E24A51 /* SplashViewModel.swift */; };
		BC4526FB251E1D7500E24A51 /* AuthResponse.swift in Sources */ = {isa = PBXBuildFile; fileRef = BC4526FA251E1D7500E24A51 /* AuthResponse.swift */; };
		BC566CDF2546BD69000249E1 /* ImagePicker.swift in Sources */ = {isa = PBXBuildFile; fileRef = BC566CDE2546BD69000249E1 /* ImagePicker.swift */; };
		BC566CE22546CD61000249E1 /* UIAlertControllerExtension.swift in Sources */ = {isa = PBXBuildFile; fileRef = BC566CE12546CD61000249E1 /* UIAlertControllerExtension.swift */; };
		BC566CE72546FDE7000249E1 /* RecordVO.swift in Sources */ = {isa = PBXBuildFile; fileRef = BC566CE62546FDE7000249E1 /* RecordVO.swift */; };
		BC566CEA2546FE00000249E1 /* UploadFileMetaResponse.swift in Sources */ = {isa = PBXBuildFile; fileRef = BC566CE92546FE00000249E1 /* UploadFileMetaResponse.swift */; };
		BC62D57D254180D300E84DA9 /* FileInfo.swift in Sources */ = {isa = PBXBuildFile; fileRef = BC62D57C254180D300E84DA9 /* FileInfo.swift */; };
		BC62D580254181BD00E84DA9 /* DataExtension.swift in Sources */ = {isa = PBXBuildFile; fileRef = BC62D57F254181BD00E84DA9 /* DataExtension.swift */; };
		BC62D58325418EC400E84DA9 /* UploadManager.swift in Sources */ = {isa = PBXBuildFile; fileRef = BC62D58225418EC400E84DA9 /* UploadManager.swift */; };
		BC6358842535C7D000EEC48C /* NavigationController.swift in Sources */ = {isa = PBXBuildFile; fileRef = BC6358832535C7D000EEC48C /* NavigationController.swift */; };
		BC6358992535D35D00EEC48C /* FileTableViewCell.swift in Sources */ = {isa = PBXBuildFile; fileRef = BC6358972535D35D00EEC48C /* FileTableViewCell.swift */; };
		BC63589A2535D35D00EEC48C /* FileTableViewCell.xib in Resources */ = {isa = PBXBuildFile; fileRef = BC6358982535D35D00EEC48C /* FileTableViewCell.xib */; };
		BC63589E2536D75300EEC48C /* GetRootResponse.swift in Sources */ = {isa = PBXBuildFile; fileRef = BC63589D2536D75300EEC48C /* GetRootResponse.swift */; };
		BC6358A12536D80100EEC48C /* FilesEndpoint.swift in Sources */ = {isa = PBXBuildFile; fileRef = BC6358A02536D80100EEC48C /* FilesEndpoint.swift */; };
		BC6358A42536D8EA00EEC48C /* FilesViewModel.swift in Sources */ = {isa = PBXBuildFile; fileRef = BC6358A32536D8EA00EEC48C /* FilesViewModel.swift */; };
		BC6358A92536FC8A00EEC48C /* FolderSizeVO.swift in Sources */ = {isa = PBXBuildFile; fileRef = BC6358A82536FC8A00EEC48C /* FolderSizeVO.swift */; };
		BC6358AC2536FCDA00EEC48C /* FolderLinkVO.swift in Sources */ = {isa = PBXBuildFile; fileRef = BC6358AB2536FCDA00EEC48C /* FolderLinkVO.swift */; };
		BC6358AF2536FD1700EEC48C /* TimezoneVO.swift in Sources */ = {isa = PBXBuildFile; fileRef = BC6358AE2536FD1700EEC48C /* TimezoneVO.swift */; };
		BC6358B22536FD6400EEC48C /* ChildItemVO.swift in Sources */ = {isa = PBXBuildFile; fileRef = BC6358B12536FD6400EEC48C /* ChildItemVO.swift */; };
		BC6358B52536FD9200EEC48C /* FolderVO.swift in Sources */ = {isa = PBXBuildFile; fileRef = BC6358B42536FD9200EEC48C /* FolderVO.swift */; };
		BC6358B82536FDAC00EEC48C /* NavigateMinResponse.swift in Sources */ = {isa = PBXBuildFile; fileRef = BC6358B72536FDAC00EEC48C /* NavigateMinResponse.swift */; };
		BC6358BC25371FCB00EEC48C /* FileViewModel.swift in Sources */ = {isa = PBXBuildFile; fileRef = BC6358BB25371FCB00EEC48C /* FileViewModel.swift */; };
		BC6358BF2537414300EEC48C /* MinFolderVO.swift in Sources */ = {isa = PBXBuildFile; fileRef = BC6358BE2537414300EEC48C /* MinFolderVO.swift */; };
		BC648780251B6591009D7DE1 /* LoginResponse.swift in Sources */ = {isa = PBXBuildFile; fileRef = BC64877F251B6590009D7DE1 /* LoginResponse.swift */; };
		BC648782251B9FC7009D7DE1 /* StoryboardName.swift in Sources */ = {isa = PBXBuildFile; fileRef = BC648781251B9FC7009D7DE1 /* StoryboardName.swift */; };
		BC648784251BA24C009D7DE1 /* Payloads.swift in Sources */ = {isa = PBXBuildFile; fileRef = BC648783251BA24C009D7DE1 /* Payloads.swift */; };
		BC6D3B3E251363A900390927 /* Authentication.storyboard in Resources */ = {isa = PBXBuildFile; fileRef = BC6D3B3D251363A900390927 /* Authentication.storyboard */; };
		BC6D3B41251363E800390927 /* LoginViewController.swift in Sources */ = {isa = PBXBuildFile; fileRef = BC6D3B40251363E800390927 /* LoginViewController.swift */; };
		BC6D3B432513664C00390927 /* AuthViewModel.swift in Sources */ = {isa = PBXBuildFile; fileRef = BC6D3B422513664C00390927 /* AuthViewModel.swift */; };
		BC6D3B4525138DFF00390927 /* UIButtonExtension.swift in Sources */ = {isa = PBXBuildFile; fileRef = BC6D3B4425138DFF00390927 /* UIButtonExtension.swift */; };
		BC6D3B472514E2D100390927 /* RequestProtocol.swift in Sources */ = {isa = PBXBuildFile; fileRef = BC6D3B462514E2D100390927 /* RequestProtocol.swift */; };
		BC6D3B492514E45F00390927 /* EnvironmentProtocol.swift in Sources */ = {isa = PBXBuildFile; fileRef = BC6D3B482514E45F00390927 /* EnvironmentProtocol.swift */; };
		BC6D3B4B2514E46E00390927 /* APIEnvironment.swift in Sources */ = {isa = PBXBuildFile; fileRef = BC6D3B4A2514E46D00390927 /* APIEnvironment.swift */; };
		BC6D3B4D2514E57500390927 /* NetworkSessionProtocol.swift in Sources */ = {isa = PBXBuildFile; fileRef = BC6D3B4C2514E57500390927 /* NetworkSessionProtocol.swift */; };
		BC6D3B4F2514E60800390927 /* APINetworkSession.swift in Sources */ = {isa = PBXBuildFile; fileRef = BC6D3B4E2514E60800390927 /* APINetworkSession.swift */; };
		BC6D3B512514EF3300390927 /* OperationProtocol.swift in Sources */ = {isa = PBXBuildFile; fileRef = BC6D3B502514EF3300390927 /* OperationProtocol.swift */; };
		BC6D3B532514F0C100390927 /* APIOperation.swift in Sources */ = {isa = PBXBuildFile; fileRef = BC6D3B522514F0C100390927 /* APIOperation.swift */; };
		BC6D3B552514F26F00390927 /* APIError.swift in Sources */ = {isa = PBXBuildFile; fileRef = BC6D3B542514F26F00390927 /* APIError.swift */; };
		BC6D3B572514F28800390927 /* APIRequestDispatcher.swift in Sources */ = {isa = PBXBuildFile; fileRef = BC6D3B562514F28800390927 /* APIRequestDispatcher.swift */; };
		BC6D3B5A2514F62400390927 /* AuthenticationEndpoint.swift in Sources */ = {isa = PBXBuildFile; fileRef = BC6D3B592514F62400390927 /* AuthenticationEndpoint.swift */; };
		BC6E70EF252C6F5200113D5F /* ILocalAuthentication.swift in Sources */ = {isa = PBXBuildFile; fileRef = BC6E70EE252C6F5200113D5F /* ILocalAuthentication.swift */; };
		BC6E70F1252C740300113D5F /* PermanentError.swift in Sources */ = {isa = PBXBuildFile; fileRef = BC6E70F0252C740300113D5F /* PermanentError.swift */; };
		BC6E70F3252C74B600113D5F /* PermanentLocalAuthentication.swift in Sources */ = {isa = PBXBuildFile; fileRef = BC6E70F2252C74B600113D5F /* PermanentLocalAuthentication.swift */; };
		BC752BC9253EBBD100EF7941 /* UploadFilesView.xib in Resources */ = {isa = PBXBuildFile; fileRef = BC752BC8253EBBD100EF7941 /* UploadFilesView.xib */; };
		BC752BCC253EBBE100EF7941 /* UploadFilesView.swift in Sources */ = {isa = PBXBuildFile; fileRef = BC752BCB253EBBE100EF7941 /* UploadFilesView.swift */; };
		BC752BCF253EE53000EF7941 /* FABView.swift in Sources */ = {isa = PBXBuildFile; fileRef = BC752BCE253EE52F00EF7941 /* FABView.swift */; };
		BC8945112524B24000FA8D7A /* SignUpResponse.swift in Sources */ = {isa = PBXBuildFile; fileRef = BC8945102524B24000FA8D7A /* SignUpResponse.swift */; };
		BC8945132524BE1100FA8D7A /* AccountEndpoint.swift in Sources */ = {isa = PBXBuildFile; fileRef = BC8945122524BE1100FA8D7A /* AccountEndpoint.swift */; };
		BC97A4692518E73300E43205 /* StringExtension.swift in Sources */ = {isa = PBXBuildFile; fileRef = BC97A4682518E73300E43205 /* StringExtension.swift */; };
		BC97A46B2519EC1000E43205 /* CodeVerificationController.swift in Sources */ = {isa = PBXBuildFile; fileRef = BC97A46A2519EC1000E43205 /* CodeVerificationController.swift */; };
		BC97A46D2519EC3400E43205 /* VerificationCodeViewModel.swift in Sources */ = {isa = PBXBuildFile; fileRef = BC97A46C2519EC3400E43205 /* VerificationCodeViewModel.swift */; };
		BCA9A5B92523811100A71592 /* TwoStepVerificationViewController.swift in Sources */ = {isa = PBXBuildFile; fileRef = BCA9A5B82523811100A71592 /* TwoStepVerificationViewController.swift */; };
		BCB0725925221494003E2F66 /* PreferencesManager.swift in Sources */ = {isa = PBXBuildFile; fileRef = BCB0725825221494003E2F66 /* PreferencesManager.swift */; };
		BCB0725C25234993003E2F66 /* TermsConditionsPopup.swift in Sources */ = {isa = PBXBuildFile; fileRef = BCB0725B25234993003E2F66 /* TermsConditionsPopup.swift */; };
		BCB0725E2523565A003E2F66 /* WebKit.framework in Frameworks */ = {isa = PBXBuildFile; fileRef = BCB0725D2523565A003E2F66 /* WebKit.framework */; };
		BCB0726025235C59003E2F66 /* NavigationBarView.xib in Resources */ = {isa = PBXBuildFile; fileRef = BCB0725F25235C59003E2F66 /* NavigationBarView.xib */; };
		BCB0726225235DB9003E2F66 /* NavigationBarView.swift in Sources */ = {isa = PBXBuildFile; fileRef = BCB0726125235DB9003E2F66 /* NavigationBarView.swift */; };
		BCE3C94925384C6700EC3A66 /* UIImageViewExtension.swift in Sources */ = {isa = PBXBuildFile; fileRef = BCE3C94825384C6700EC3A66 /* UIImageViewExtension.swift */; };
		BCE3C94C253852E300EC3A66 /* EmptyFolderView.xib in Resources */ = {isa = PBXBuildFile; fileRef = BCE3C94B253852E300EC3A66 /* EmptyFolderView.xib */; };
		BCE3C94F25385FB500EC3A66 /* EmptyFolderView.swift in Sources */ = {isa = PBXBuildFile; fileRef = BCE3C94E25385FB500EC3A66 /* EmptyFolderView.swift */; };
		BCE3C96425388C8D00EC3A66 /* UIImageExtension.swift in Sources */ = {isa = PBXBuildFile; fileRef = BCE3C96325388C8D00EC3A66 /* UIImageExtension.swift */; };
		BCFFD293252B506B009485C1 /* UIViewControllerExtension.swift in Sources */ = {isa = PBXBuildFile; fileRef = BCFFD292252B506B009485C1 /* UIViewControllerExtension.swift */; };
		BD2403B02524978C00AE45B3 /* STAGING-GoogleService-Info.plist in Resources */ = {isa = PBXBuildFile; fileRef = BD2403AF2524978C00AE45B3 /* STAGING-GoogleService-Info.plist */; };
		D269D9C8C1E18A5CE8E1491A /* Pods_Permanent.framework in Frameworks */ = {isa = PBXBuildFile; fileRef = 864293632D1F8008599F3A97 /* Pods_Permanent.framework */; };
/* End PBXBuildFile section */

/* Begin PBXFileReference section */
		06644A7D24EA6E47003CD359 /* ViewModelInterface.swift */ = {isa = PBXFileReference; lastKnownFileType = sourcecode.swift; path = ViewModelInterface.swift; sourceTree = "<group>"; };
		06644A7F24EA6F47003CD359 /* BaseViewController.swift */ = {isa = PBXFileReference; lastKnownFileType = sourcecode.swift; path = BaseViewController.swift; sourceTree = "<group>"; };
		06644A8424EA7156003CD359 /* RoundedButton.swift */ = {isa = PBXFileReference; lastKnownFileType = sourcecode.swift; path = RoundedButton.swift; sourceTree = "<group>"; };
		06644A8624EA772D003CD359 /* CustomButton.swift */ = {isa = PBXFileReference; lastKnownFileType = sourcecode.swift; path = CustomButton.swift; sourceTree = "<group>"; };
		06644A8824EA78F5003CD359 /* ViewModelDelegateInterface.swift */ = {isa = PBXFileReference; lastKnownFileType = sourcecode.swift; path = ViewModelDelegateInterface.swift; sourceTree = "<group>"; };
		06644A8A24EBF4CD003CD359 /* CustomView.swift */ = {isa = PBXFileReference; lastKnownFileType = sourcecode.swift; path = CustomView.swift; sourceTree = "<group>"; };
		06644A8C24EBF51A003CD359 /* BigLogoView.xib */ = {isa = PBXFileReference; lastKnownFileType = file.xib; path = BigLogoView.xib; sourceTree = "<group>"; };
		06644A8E24EBF72C003CD359 /* BigLogoView.swift */ = {isa = PBXFileReference; lastKnownFileType = sourcecode.swift; path = BigLogoView.swift; sourceTree = "<group>"; };
		06819AA524EC208F003D0EB0 /* CustomTextField.swift */ = {isa = PBXFileReference; lastKnownFileType = sourcecode.swift; path = CustomTextField.swift; sourceTree = "<group>"; };
		06819AA724EC20CB003D0EB0 /* TextField.swift */ = {isa = PBXFileReference; lastKnownFileType = sourcecode.swift; path = TextField.swift; sourceTree = "<group>"; };
		06B0EB2424E67B6A003D90C6 /* SignUpViewController.swift */ = {isa = PBXFileReference; lastKnownFileType = sourcecode.swift; path = SignUpViewController.swift; sourceTree = "<group>"; };
		06B0EB2724E67E6A003D90C6 /* UIColor.swift */ = {isa = PBXFileReference; lastKnownFileType = sourcecode.swift; path = UIColor.swift; sourceTree = "<group>"; };
		06B0EB2924E67EC4003D90C6 /* Constants.swift */ = {isa = PBXFileReference; lastKnownFileType = sourcecode.swift; path = Constants.swift; sourceTree = "<group>"; };
		06B0EB2D24E68298003D90C6 /* AccountViewModel.swift */ = {isa = PBXFileReference; lastKnownFileType = sourcecode.swift; path = AccountViewModel.swift; sourceTree = "<group>"; };
		4555EA2FF4726D00ABFEBD19 /* Pods-Permanent.dev-release.xcconfig */ = {isa = PBXFileReference; includeInIndex = 1; lastKnownFileType = text.xcconfig; name = "Pods-Permanent.dev-release.xcconfig"; path = "Target Support Files/Pods-Permanent/Pods-Permanent.dev-release.xcconfig"; sourceTree = "<group>"; };
		5E2C5D1724D98EE100E2B95F /* Permanent.app */ = {isa = PBXFileReference; explicitFileType = wrapper.application; includeInIndex = 0; path = Permanent.app; sourceTree = BUILT_PRODUCTS_DIR; };
		5E2C5D1A24D98EE100E2B95F /* AppDelegate.swift */ = {isa = PBXFileReference; lastKnownFileType = sourcecode.swift; path = AppDelegate.swift; sourceTree = "<group>"; };
		5E2C5D2324D98EE300E2B95F /* Assets.xcassets */ = {isa = PBXFileReference; lastKnownFileType = folder.assetcatalog; path = Assets.xcassets; sourceTree = "<group>"; };
		5E2C5D2624D98EE300E2B95F /* Base */ = {isa = PBXFileReference; lastKnownFileType = file.storyboard; name = Base; path = Base.lproj/Launch.storyboard; sourceTree = "<group>"; };
		5E2C5D2824D98EE300E2B95F /* Info.plist */ = {isa = PBXFileReference; lastKnownFileType = text.plist.xml; path = Info.plist; sourceTree = "<group>"; };
		5E3CD44D24EE7F390081B978 /* Onboarding.storyboard */ = {isa = PBXFileReference; lastKnownFileType = file.storyboard; path = Onboarding.storyboard; sourceTree = "<group>"; };
		5E60451C251206F9002E47CB /* OnboardingViewModel.swift */ = {isa = PBXFileReference; fileEncoding = 4; lastKnownFileType = sourcecode.swift; path = OnboardingViewModel.swift; sourceTree = "<group>"; };
		5E8A3E4A24F3AB4300812361 /* BasePageViewController.swift */ = {isa = PBXFileReference; lastKnownFileType = sourcecode.swift; path = BasePageViewController.swift; sourceTree = "<group>"; };
		5E8A3E4C24F3ABD500812361 /* PageViewModel.swift */ = {isa = PBXFileReference; lastKnownFileType = sourcecode.swift; path = PageViewModel.swift; sourceTree = "<group>"; };
		5E8A3E4E24F3AF4800812361 /* PageViewModelInterface.swift */ = {isa = PBXFileReference; lastKnownFileType = sourcecode.swift; path = PageViewModelInterface.swift; sourceTree = "<group>"; };
		5E8A3E5024F3AFCE00812361 /* PageViewModelDelegateInterface.swift */ = {isa = PBXFileReference; lastKnownFileType = sourcecode.swift; path = PageViewModelDelegateInterface.swift; sourceTree = "<group>"; };
		5ED0855B24E3E5C300CDB4D3 /* OpenSans-SemiBold.ttf */ = {isa = PBXFileReference; lastKnownFileType = file; path = "OpenSans-SemiBold.ttf"; sourceTree = "<group>"; };
		5ED0855C24E3E5C300CDB4D3 /* OpenSans-Light.ttf */ = {isa = PBXFileReference; lastKnownFileType = file; path = "OpenSans-Light.ttf"; sourceTree = "<group>"; };
		5ED0855D24E3E5C300CDB4D3 /* OpenSans-ExtraBoldItalic.ttf */ = {isa = PBXFileReference; lastKnownFileType = file; path = "OpenSans-ExtraBoldItalic.ttf"; sourceTree = "<group>"; };
		5ED0855E24E3E5C300CDB4D3 /* OpenSans-LightItalic.ttf */ = {isa = PBXFileReference; lastKnownFileType = file; path = "OpenSans-LightItalic.ttf"; sourceTree = "<group>"; };
		5ED0855F24E3E5C300CDB4D3 /* OpenSans-Bold.ttf */ = {isa = PBXFileReference; lastKnownFileType = file; path = "OpenSans-Bold.ttf"; sourceTree = "<group>"; };
		5ED0856024E3E5C300CDB4D3 /* OpenSans-SemiBoldItalic.ttf */ = {isa = PBXFileReference; lastKnownFileType = file; path = "OpenSans-SemiBoldItalic.ttf"; sourceTree = "<group>"; };
		5ED0856124E3E5C300CDB4D3 /* OpenSans-BoldItalic.ttf */ = {isa = PBXFileReference; lastKnownFileType = file; path = "OpenSans-BoldItalic.ttf"; sourceTree = "<group>"; };
		5ED0856224E3E5C300CDB4D3 /* OpenSans-ExtraBold.ttf */ = {isa = PBXFileReference; lastKnownFileType = file; path = "OpenSans-ExtraBold.ttf"; sourceTree = "<group>"; };
		5ED0856324E3E5C300CDB4D3 /* OpenSans-Italic.ttf */ = {isa = PBXFileReference; lastKnownFileType = file; path = "OpenSans-Italic.ttf"; sourceTree = "<group>"; };
		5ED0856424E3E5C400CDB4D3 /* OpenSans-Regular.ttf */ = {isa = PBXFileReference; lastKnownFileType = file; path = "OpenSans-Regular.ttf"; sourceTree = "<group>"; };
		5ED0856924E3EBBB00CDB4D3 /* TextStyle.swift */ = {isa = PBXFileReference; lastKnownFileType = sourcecode.swift; path = TextStyle.swift; sourceTree = "<group>"; };
		5EE17FF524EE94DA00496AF7 /* PageViewController.swift */ = {isa = PBXFileReference; fileEncoding = 4; lastKnownFileType = sourcecode.swift; path = PageViewController.swift; sourceTree = "<group>"; };
		5EE17FFD24EE9AC500496AF7 /* OnboadingViewController.swift */ = {isa = PBXFileReference; lastKnownFileType = sourcecode.swift; path = OnboadingViewController.swift; sourceTree = "<group>"; };
		5EE1800224EECBD500496AF7 /* OnboardingPageOne.swift */ = {isa = PBXFileReference; lastKnownFileType = sourcecode.swift; path = OnboardingPageOne.swift; sourceTree = "<group>"; };
		5EE1800424EF2A6F00496AF7 /* OnboardingPageTwo.swift */ = {isa = PBXFileReference; lastKnownFileType = sourcecode.swift; path = OnboardingPageTwo.swift; sourceTree = "<group>"; };
		5EE1800624EF2A8100496AF7 /* OnboardingPageThree.swift */ = {isa = PBXFileReference; lastKnownFileType = sourcecode.swift; path = OnboardingPageThree.swift; sourceTree = "<group>"; };
		864293632D1F8008599F3A97 /* Pods_Permanent.framework */ = {isa = PBXFileReference; explicitFileType = wrapper.framework; includeInIndex = 0; path = Pods_Permanent.framework; sourceTree = BUILT_PRODUCTS_DIR; };
		9C912B8D215FC9DBB5D4652C /* Pods-Permanent.dev-debug.xcconfig */ = {isa = PBXFileReference; includeInIndex = 1; lastKnownFileType = text.xcconfig; name = "Pods-Permanent.dev-debug.xcconfig"; path = "Target Support Files/Pods-Permanent/Pods-Permanent.dev-debug.xcconfig"; sourceTree = "<group>"; };
		BC0108812510E03C002F9FD6 /* GoogleService-Info.plist */ = {isa = PBXFileReference; fileEncoding = 4; lastKnownFileType = text.plist.xml; path = "GoogleService-Info.plist"; sourceTree = "<group>"; };
		BC0108872511ED88002F9FD6 /* DEV-GoogleService-Info.plist */ = {isa = PBXFileReference; fileEncoding = 4; lastKnownFileType = text.plist.xml; path = "DEV-GoogleService-Info.plist"; sourceTree = "<group>"; };
		BC120C5E253EF8F500C41243 /* FABActionSheet.swift */ = {isa = PBXFileReference; lastKnownFileType = sourcecode.swift; path = FABActionSheet.swift; sourceTree = "<group>"; };
		BC2D95A425382215005FE8EF /* FileType.swift */ = {isa = PBXFileReference; lastKnownFileType = sourcecode.swift; path = FileType.swift; sourceTree = "<group>"; };
		BC326AAE2526195E00A69597 /* APIErrors.swift */ = {isa = PBXFileReference; lastKnownFileType = sourcecode.swift; path = APIErrors.swift; sourceTree = "<group>"; };
		BC326AB0252738FB00A69597 /* AccountUpdateResponse.swift */ = {isa = PBXFileReference; fileEncoding = 4; lastKnownFileType = sourcecode.swift; path = AccountUpdateResponse.swift; sourceTree = "<group>"; };
		BC326AB22527393400A69597 /* AccountUpdateVO.swift */ = {isa = PBXFileReference; fileEncoding = 4; lastKnownFileType = sourcecode.swift; path = AccountUpdateVO.swift; sourceTree = "<group>"; };
		BC3DF861252DB8BA003D3829 /* LocalAuthErrors.swift */ = {isa = PBXFileReference; lastKnownFileType = sourcecode.swift; path = LocalAuthErrors.swift; sourceTree = "<group>"; };
		BC3DF864252DDCCC003D3829 /* BiometricsViewController.swift */ = {isa = PBXFileReference; lastKnownFileType = sourcecode.swift; path = BiometricsViewController.swift; sourceTree = "<group>"; };
		BC3DF867252DE642003D3829 /* BiometryUtils.swift */ = {isa = PBXFileReference; lastKnownFileType = sourcecode.swift; path = BiometryUtils.swift; sourceTree = "<group>"; };
		BC4526DB251BE53900E24A51 /* en */ = {isa = PBXFileReference; lastKnownFileType = text.plist.strings; name = en; path = en.lproj/Localizable.strings; sourceTree = "<group>"; };
		BC4526DD251C8C4200E24A51 /* Translations.swift */ = {isa = PBXFileReference; lastKnownFileType = sourcecode.swift; path = Translations.swift; sourceTree = "<group>"; };
		BC4526DF251CAB7F00E24A51 /* VerifyCodeResponse.swift */ = {isa = PBXFileReference; lastKnownFileType = sourcecode.swift; path = VerifyCodeResponse.swift; sourceTree = "<group>"; };
		BC4526E4251CACB300E24A51 /* AccountVO.swift */ = {isa = PBXFileReference; lastKnownFileType = sourcecode.swift; path = AccountVO.swift; sourceTree = "<group>"; };
		BC4526E7251CACDF00E24A51 /* CodableHelper.swift */ = {isa = PBXFileReference; lastKnownFileType = sourcecode.swift; path = CodableHelper.swift; sourceTree = "<group>"; };
		BC4526E9251CADF600E24A51 /* ArchiveVO.swift */ = {isa = PBXFileReference; lastKnownFileType = sourcecode.swift; path = ArchiveVO.swift; sourceTree = "<group>"; };
		BC4526EC251CD62C00E24A51 /* MainViewController.swift */ = {isa = PBXFileReference; lastKnownFileType = sourcecode.swift; path = MainViewController.swift; sourceTree = "<group>"; };
		BC4526F0251CD6B600E24A51 /* Main.storyboard */ = {isa = PBXFileReference; lastKnownFileType = file.storyboard; path = Main.storyboard; sourceTree = "<group>"; };
		BC4526F2251CDB7000E24A51 /* UINavigationControllerExtension.swift */ = {isa = PBXFileReference; lastKnownFileType = sourcecode.swift; path = UINavigationControllerExtension.swift; sourceTree = "<group>"; };
		BC4526F4251DF5AE00E24A51 /* RootViewController.swift */ = {isa = PBXFileReference; lastKnownFileType = sourcecode.swift; path = RootViewController.swift; sourceTree = "<group>"; };
		BC4526F6251DF5E900E24A51 /* SplashViewController.swift */ = {isa = PBXFileReference; lastKnownFileType = sourcecode.swift; path = SplashViewController.swift; sourceTree = "<group>"; };
		BC4526F8251DF60A00E24A51 /* SplashViewModel.swift */ = {isa = PBXFileReference; lastKnownFileType = sourcecode.swift; path = SplashViewModel.swift; sourceTree = "<group>"; };
		BC4526FA251E1D7500E24A51 /* AuthResponse.swift */ = {isa = PBXFileReference; lastKnownFileType = sourcecode.swift; path = AuthResponse.swift; sourceTree = "<group>"; };
		BC566CDE2546BD69000249E1 /* ImagePicker.swift */ = {isa = PBXFileReference; lastKnownFileType = sourcecode.swift; path = ImagePicker.swift; sourceTree = "<group>"; };
		BC566CE12546CD61000249E1 /* UIAlertControllerExtension.swift */ = {isa = PBXFileReference; lastKnownFileType = sourcecode.swift; path = UIAlertControllerExtension.swift; sourceTree = "<group>"; };
		BC566CE62546FDE7000249E1 /* RecordVO.swift */ = {isa = PBXFileReference; lastKnownFileType = sourcecode.swift; path = RecordVO.swift; sourceTree = "<group>"; };
		BC566CE92546FE00000249E1 /* UploadFileMetaResponse.swift */ = {isa = PBXFileReference; lastKnownFileType = sourcecode.swift; path = UploadFileMetaResponse.swift; sourceTree = "<group>"; };
		BC62D57C254180D300E84DA9 /* FileInfo.swift */ = {isa = PBXFileReference; lastKnownFileType = sourcecode.swift; path = FileInfo.swift; sourceTree = "<group>"; };
		BC62D57F254181BD00E84DA9 /* DataExtension.swift */ = {isa = PBXFileReference; lastKnownFileType = sourcecode.swift; path = DataExtension.swift; sourceTree = "<group>"; };
		BC62D58225418EC400E84DA9 /* UploadManager.swift */ = {isa = PBXFileReference; lastKnownFileType = sourcecode.swift; path = UploadManager.swift; sourceTree = "<group>"; };
		BC6358832535C7D000EEC48C /* NavigationController.swift */ = {isa = PBXFileReference; lastKnownFileType = sourcecode.swift; path = NavigationController.swift; sourceTree = "<group>"; };
		BC6358972535D35D00EEC48C /* FileTableViewCell.swift */ = {isa = PBXFileReference; lastKnownFileType = sourcecode.swift; path = FileTableViewCell.swift; sourceTree = "<group>"; };
		BC6358982535D35D00EEC48C /* FileTableViewCell.xib */ = {isa = PBXFileReference; lastKnownFileType = file.xib; path = FileTableViewCell.xib; sourceTree = "<group>"; };
		BC63589D2536D75300EEC48C /* GetRootResponse.swift */ = {isa = PBXFileReference; lastKnownFileType = sourcecode.swift; path = GetRootResponse.swift; sourceTree = "<group>"; };
		BC6358A02536D80100EEC48C /* FilesEndpoint.swift */ = {isa = PBXFileReference; lastKnownFileType = sourcecode.swift; path = FilesEndpoint.swift; sourceTree = "<group>"; };
		BC6358A32536D8EA00EEC48C /* FilesViewModel.swift */ = {isa = PBXFileReference; lastKnownFileType = sourcecode.swift; path = FilesViewModel.swift; sourceTree = "<group>"; };
		BC6358A82536FC8A00EEC48C /* FolderSizeVO.swift */ = {isa = PBXFileReference; lastKnownFileType = sourcecode.swift; path = FolderSizeVO.swift; sourceTree = "<group>"; };
		BC6358AB2536FCDA00EEC48C /* FolderLinkVO.swift */ = {isa = PBXFileReference; lastKnownFileType = sourcecode.swift; path = FolderLinkVO.swift; sourceTree = "<group>"; };
		BC6358AE2536FD1700EEC48C /* TimezoneVO.swift */ = {isa = PBXFileReference; lastKnownFileType = sourcecode.swift; path = TimezoneVO.swift; sourceTree = "<group>"; };
		BC6358B12536FD6400EEC48C /* ChildItemVO.swift */ = {isa = PBXFileReference; lastKnownFileType = sourcecode.swift; path = ChildItemVO.swift; sourceTree = "<group>"; };
		BC6358B42536FD9200EEC48C /* FolderVO.swift */ = {isa = PBXFileReference; lastKnownFileType = sourcecode.swift; path = FolderVO.swift; sourceTree = "<group>"; };
		BC6358B72536FDAC00EEC48C /* NavigateMinResponse.swift */ = {isa = PBXFileReference; lastKnownFileType = sourcecode.swift; path = NavigateMinResponse.swift; sourceTree = "<group>"; };
		BC6358BB25371FCB00EEC48C /* FileViewModel.swift */ = {isa = PBXFileReference; lastKnownFileType = sourcecode.swift; path = FileViewModel.swift; sourceTree = "<group>"; };
		BC6358BE2537414300EEC48C /* MinFolderVO.swift */ = {isa = PBXFileReference; fileEncoding = 4; lastKnownFileType = sourcecode.swift; path = MinFolderVO.swift; sourceTree = "<group>"; };
		BC64877F251B6590009D7DE1 /* LoginResponse.swift */ = {isa = PBXFileReference; lastKnownFileType = sourcecode.swift; path = LoginResponse.swift; sourceTree = "<group>"; };
		BC648781251B9FC7009D7DE1 /* StoryboardName.swift */ = {isa = PBXFileReference; lastKnownFileType = sourcecode.swift; path = StoryboardName.swift; sourceTree = "<group>"; };
		BC648783251BA24C009D7DE1 /* Payloads.swift */ = {isa = PBXFileReference; lastKnownFileType = sourcecode.swift; path = Payloads.swift; sourceTree = "<group>"; };
		BC6D3B3D251363A900390927 /* Authentication.storyboard */ = {isa = PBXFileReference; lastKnownFileType = file.storyboard; path = Authentication.storyboard; sourceTree = "<group>"; };
		BC6D3B40251363E800390927 /* LoginViewController.swift */ = {isa = PBXFileReference; lastKnownFileType = sourcecode.swift; path = LoginViewController.swift; sourceTree = "<group>"; };
		BC6D3B422513664C00390927 /* AuthViewModel.swift */ = {isa = PBXFileReference; lastKnownFileType = sourcecode.swift; path = AuthViewModel.swift; sourceTree = "<group>"; };
		BC6D3B4425138DFF00390927 /* UIButtonExtension.swift */ = {isa = PBXFileReference; lastKnownFileType = sourcecode.swift; path = UIButtonExtension.swift; sourceTree = "<group>"; };
		BC6D3B462514E2D100390927 /* RequestProtocol.swift */ = {isa = PBXFileReference; lastKnownFileType = sourcecode.swift; path = RequestProtocol.swift; sourceTree = "<group>"; };
		BC6D3B482514E45F00390927 /* EnvironmentProtocol.swift */ = {isa = PBXFileReference; lastKnownFileType = sourcecode.swift; path = EnvironmentProtocol.swift; sourceTree = "<group>"; };
		BC6D3B4A2514E46D00390927 /* APIEnvironment.swift */ = {isa = PBXFileReference; lastKnownFileType = sourcecode.swift; path = APIEnvironment.swift; sourceTree = "<group>"; };
		BC6D3B4C2514E57500390927 /* NetworkSessionProtocol.swift */ = {isa = PBXFileReference; lastKnownFileType = sourcecode.swift; path = NetworkSessionProtocol.swift; sourceTree = "<group>"; };
		BC6D3B4E2514E60800390927 /* APINetworkSession.swift */ = {isa = PBXFileReference; lastKnownFileType = sourcecode.swift; path = APINetworkSession.swift; sourceTree = "<group>"; };
		BC6D3B502514EF3300390927 /* OperationProtocol.swift */ = {isa = PBXFileReference; lastKnownFileType = sourcecode.swift; path = OperationProtocol.swift; sourceTree = "<group>"; };
		BC6D3B522514F0C100390927 /* APIOperation.swift */ = {isa = PBXFileReference; lastKnownFileType = sourcecode.swift; path = APIOperation.swift; sourceTree = "<group>"; };
		BC6D3B542514F26F00390927 /* APIError.swift */ = {isa = PBXFileReference; lastKnownFileType = sourcecode.swift; path = APIError.swift; sourceTree = "<group>"; };
		BC6D3B562514F28800390927 /* APIRequestDispatcher.swift */ = {isa = PBXFileReference; lastKnownFileType = sourcecode.swift; path = APIRequestDispatcher.swift; sourceTree = "<group>"; };
		BC6D3B592514F62400390927 /* AuthenticationEndpoint.swift */ = {isa = PBXFileReference; lastKnownFileType = sourcecode.swift; path = AuthenticationEndpoint.swift; sourceTree = "<group>"; };
		BC6E70EE252C6F5200113D5F /* ILocalAuthentication.swift */ = {isa = PBXFileReference; lastKnownFileType = sourcecode.swift; path = ILocalAuthentication.swift; sourceTree = "<group>"; };
		BC6E70F0252C740300113D5F /* PermanentError.swift */ = {isa = PBXFileReference; lastKnownFileType = sourcecode.swift; path = PermanentError.swift; sourceTree = "<group>"; };
		BC6E70F2252C74B600113D5F /* PermanentLocalAuthentication.swift */ = {isa = PBXFileReference; lastKnownFileType = sourcecode.swift; path = PermanentLocalAuthentication.swift; sourceTree = "<group>"; };
		BC752BC8253EBBD100EF7941 /* UploadFilesView.xib */ = {isa = PBXFileReference; fileEncoding = 4; lastKnownFileType = file.xib; path = UploadFilesView.xib; sourceTree = "<group>"; };
		BC752BCB253EBBE100EF7941 /* UploadFilesView.swift */ = {isa = PBXFileReference; fileEncoding = 4; lastKnownFileType = sourcecode.swift; path = UploadFilesView.swift; sourceTree = "<group>"; };
		BC752BCE253EE52F00EF7941 /* FABView.swift */ = {isa = PBXFileReference; lastKnownFileType = sourcecode.swift; path = FABView.swift; sourceTree = "<group>"; };
		BC8945102524B24000FA8D7A /* SignUpResponse.swift */ = {isa = PBXFileReference; lastKnownFileType = sourcecode.swift; path = SignUpResponse.swift; sourceTree = "<group>"; };
		BC8945122524BE1100FA8D7A /* AccountEndpoint.swift */ = {isa = PBXFileReference; lastKnownFileType = sourcecode.swift; path = AccountEndpoint.swift; sourceTree = "<group>"; };
		BC97A4682518E73300E43205 /* StringExtension.swift */ = {isa = PBXFileReference; lastKnownFileType = sourcecode.swift; path = StringExtension.swift; sourceTree = "<group>"; };
		BC97A46A2519EC1000E43205 /* CodeVerificationController.swift */ = {isa = PBXFileReference; lastKnownFileType = sourcecode.swift; path = CodeVerificationController.swift; sourceTree = "<group>"; };
		BC97A46C2519EC3400E43205 /* VerificationCodeViewModel.swift */ = {isa = PBXFileReference; lastKnownFileType = sourcecode.swift; path = VerificationCodeViewModel.swift; sourceTree = "<group>"; };
		BCA9A5B82523811100A71592 /* TwoStepVerificationViewController.swift */ = {isa = PBXFileReference; lastKnownFileType = sourcecode.swift; path = TwoStepVerificationViewController.swift; sourceTree = "<group>"; };
		BCB0725825221494003E2F66 /* PreferencesManager.swift */ = {isa = PBXFileReference; lastKnownFileType = sourcecode.swift; path = PreferencesManager.swift; sourceTree = "<group>"; };
		BCB0725B25234993003E2F66 /* TermsConditionsPopup.swift */ = {isa = PBXFileReference; lastKnownFileType = sourcecode.swift; path = TermsConditionsPopup.swift; sourceTree = "<group>"; };
		BCB0725D2523565A003E2F66 /* WebKit.framework */ = {isa = PBXFileReference; lastKnownFileType = wrapper.framework; name = WebKit.framework; path = System/Library/Frameworks/WebKit.framework; sourceTree = SDKROOT; };
		BCB0725F25235C59003E2F66 /* NavigationBarView.xib */ = {isa = PBXFileReference; lastKnownFileType = file.xib; path = NavigationBarView.xib; sourceTree = "<group>"; };
		BCB0726125235DB9003E2F66 /* NavigationBarView.swift */ = {isa = PBXFileReference; lastKnownFileType = sourcecode.swift; path = NavigationBarView.swift; sourceTree = "<group>"; };
		BCE3C94825384C6700EC3A66 /* UIImageViewExtension.swift */ = {isa = PBXFileReference; lastKnownFileType = sourcecode.swift; path = UIImageViewExtension.swift; sourceTree = "<group>"; };
		BCE3C94B253852E300EC3A66 /* EmptyFolderView.xib */ = {isa = PBXFileReference; lastKnownFileType = file.xib; path = EmptyFolderView.xib; sourceTree = "<group>"; };
		BCE3C94E25385FB500EC3A66 /* EmptyFolderView.swift */ = {isa = PBXFileReference; lastKnownFileType = sourcecode.swift; path = EmptyFolderView.swift; sourceTree = "<group>"; };
		BCE3C96325388C8D00EC3A66 /* UIImageExtension.swift */ = {isa = PBXFileReference; lastKnownFileType = sourcecode.swift; path = UIImageExtension.swift; sourceTree = "<group>"; };
		BCFFD292252B506B009485C1 /* UIViewControllerExtension.swift */ = {isa = PBXFileReference; lastKnownFileType = sourcecode.swift; path = UIViewControllerExtension.swift; sourceTree = "<group>"; };
		BD2403AF2524978C00AE45B3 /* STAGING-GoogleService-Info.plist */ = {isa = PBXFileReference; fileEncoding = 4; lastKnownFileType = text.plist.xml; path = "STAGING-GoogleService-Info.plist"; sourceTree = "<group>"; };
		F8E2C57314DE2C2792A40D54 /* Pods-Permanent.release.xcconfig */ = {isa = PBXFileReference; includeInIndex = 1; lastKnownFileType = text.xcconfig; name = "Pods-Permanent.release.xcconfig"; path = "Target Support Files/Pods-Permanent/Pods-Permanent.release.xcconfig"; sourceTree = "<group>"; };
		FF15C97404C223018EBC290C /* Pods-Permanent.debug.xcconfig */ = {isa = PBXFileReference; includeInIndex = 1; lastKnownFileType = text.xcconfig; name = "Pods-Permanent.debug.xcconfig"; path = "Target Support Files/Pods-Permanent/Pods-Permanent.debug.xcconfig"; sourceTree = "<group>"; };
/* End PBXFileReference section */

/* Begin PBXFrameworksBuildPhase section */
		5E2C5D1424D98EE100E2B95F /* Frameworks */ = {
			isa = PBXFrameworksBuildPhase;
			buildActionMask = 2147483647;
			files = (
				BCB0725E2523565A003E2F66 /* WebKit.framework in Frameworks */,
				D269D9C8C1E18A5CE8E1491A /* Pods_Permanent.framework in Frameworks */,
			);
			runOnlyForDeploymentPostprocessing = 0;
		};
/* End PBXFrameworksBuildPhase section */

/* Begin PBXGroup section */
		06644A7C24EA6E35003CD359 /* Interfaces */ = {
			isa = PBXGroup;
			children = (
				5E8A3E5024F3AFCE00812361 /* PageViewModelDelegateInterface.swift */,
				5E8A3E4E24F3AF4800812361 /* PageViewModelInterface.swift */,
				06644A8824EA78F5003CD359 /* ViewModelDelegateInterface.swift */,
				06644A7D24EA6E47003CD359 /* ViewModelInterface.swift */,
			);
			name = Interfaces;
			sourceTree = "<group>";
		};
		06644A8124EA70D5003CD359 /* Views */ = {
			isa = PBXGroup;
			children = (
				BC6358962535D27300EEC48C /* Cells */,
				BC1BDF1A2513567B00F2D239 /* XIBs */,
				06644A8E24EBF72C003CD359 /* BigLogoView.swift */,
				06644A8624EA772D003CD359 /* CustomButton.swift */,
				06819AA524EC208F003D0EB0 /* CustomTextField.swift */,
				06644A8A24EBF4CD003CD359 /* CustomView.swift */,
				06644A8424EA7156003CD359 /* RoundedButton.swift */,
				06819AA724EC20CB003D0EB0 /* TextField.swift */,
				BCB0726125235DB9003E2F66 /* NavigationBarView.swift */,
				BCE3C94E25385FB500EC3A66 /* EmptyFolderView.swift */,
				BC752BCB253EBBE100EF7941 /* UploadFilesView.swift */,
				BC752BCE253EE52F00EF7941 /* FABView.swift */,
				BC120C5E253EF8F500C41243 /* FABActionSheet.swift */,
			);
			path = Views;
			sourceTree = "<group>";
		};
		06B0EB2124E6786F003D90C6 /* ViewControllers */ = {
			isa = PBXGroup;
			children = (
				BCB0725A2523497B003E2F66 /* Popups */,
				BC4526EB251CD61500E24A51 /* Onboarding */,
				BC6D3B3F251363D600390927 /* Authentication */,
				5E8A3E4A24F3AB4300812361 /* BasePageViewController.swift */,
				06644A7F24EA6F47003CD359 /* BaseViewController.swift */,
				BC4526EC251CD62C00E24A51 /* MainViewController.swift */,
				BC4526F4251DF5AE00E24A51 /* RootViewController.swift */,
				BC4526F6251DF5E900E24A51 /* SplashViewController.swift */,
				BC6358832535C7D000EEC48C /* NavigationController.swift */,
			);
			path = ViewControllers;
			sourceTree = "<group>";
		};
		06B0EB2624E67E52003D90C6 /* Extensions */ = {
			isa = PBXGroup;
			children = (
				06B0EB2724E67E6A003D90C6 /* UIColor.swift */,
				BC6D3B4425138DFF00390927 /* UIButtonExtension.swift */,
				BC97A4682518E73300E43205 /* StringExtension.swift */,
				BC4526F2251CDB7000E24A51 /* UINavigationControllerExtension.swift */,
				BCFFD292252B506B009485C1 /* UIViewControllerExtension.swift */,
				BCE3C94825384C6700EC3A66 /* UIImageViewExtension.swift */,
				BCE3C96325388C8D00EC3A66 /* UIImageExtension.swift */,
				BC62D57F254181BD00E84DA9 /* DataExtension.swift */,
				BC566CE12546CD61000249E1 /* UIAlertControllerExtension.swift */,
			);
			path = Extensions;
			sourceTree = "<group>";
		};
		06B0EB2B24E67FBC003D90C6 /* Models */ = {
			isa = PBXGroup;
			children = (
				BC4526E3251CACAB00E24A51 /* Data */,
				BC64877F251B6590009D7DE1 /* LoginResponse.swift */,
				BC648783251BA24C009D7DE1 /* Payloads.swift */,
				5ED0856924E3EBBB00CDB4D3 /* TextStyle.swift */,
				BC566CE92546FE00000249E1 /* UploadFileMetaResponse.swift */,
				BC4526DF251CAB7F00E24A51 /* VerifyCodeResponse.swift */,
				BC4526FA251E1D7500E24A51 /* AuthResponse.swift */,
				BC8945102524B24000FA8D7A /* SignUpResponse.swift */,
				BC326AB0252738FB00A69597 /* AccountUpdateResponse.swift */,
				BC6E70F0252C740300113D5F /* PermanentError.swift */,
				BC63589D2536D75300EEC48C /* GetRootResponse.swift */,
				BC6358B72536FDAC00EEC48C /* NavigateMinResponse.swift */,
				BC62D57C254180D300E84DA9 /* FileInfo.swift */,
			);
			path = Models;
			sourceTree = "<group>";
		};
		06B0EB2C24E68289003D90C6 /* ViewModels */ = {
			isa = PBXGroup;
			children = (
				BC6358BA25371FB400EEC48C /* UI */,
				5E60451C251206F9002E47CB /* OnboardingViewModel.swift */,
				5E8A3E4C24F3ABD500812361 /* PageViewModel.swift */,
				06B0EB2D24E68298003D90C6 /* AccountViewModel.swift */,
				BC6D3B422513664C00390927 /* AuthViewModel.swift */,
				BC97A46C2519EC3400E43205 /* VerificationCodeViewModel.swift */,
				BC4526F8251DF60A00E24A51 /* SplashViewModel.swift */,
				BC6358A32536D8EA00EEC48C /* FilesViewModel.swift */,
			);
			path = ViewModels;
			sourceTree = "<group>";
		};
		5E2C5D0E24D98EE100E2B95F = {
			isa = PBXGroup;
			children = (
				5E2C5D1924D98EE100E2B95F /* Permanent */,
				5E2C5D1824D98EE100E2B95F /* Products */,
				D01BC0154B74CFCC3532CF7E /* Pods */,
				5E60451B25120685002E47CB /* Recovered References */,
				C451B6122C72A441834259B6 /* Frameworks */,
			);
			indentWidth = 4;
			sourceTree = "<group>";
			tabWidth = 4;
		};
		5E2C5D1824D98EE100E2B95F /* Products */ = {
			isa = PBXGroup;
			children = (
				5E2C5D1724D98EE100E2B95F /* Permanent.app */,
			);
			name = Products;
			sourceTree = "<group>";
		};
		5E2C5D1924D98EE100E2B95F /* Permanent */ = {
			isa = PBXGroup;
			children = (
				BC120C6125402BFF00C41243 /* Storage */,
				BC6E70EC252C6F0100113D5F /* Security */,
				BC4526E6251CACD500E24A51 /* Helpers */,
				5E2C5D1A24D98EE100E2B95F /* AppDelegate.swift */,
				BC1BDF162513558800F2D239 /* Assets */,
				BC1BDF192513561800F2D239 /* Constants */,
				06B0EB2624E67E52003D90C6 /* Extensions */,
				06644A7C24EA6E35003CD359 /* Interfaces */,
				06B0EB2B24E67FBC003D90C6 /* Models */,
				BC1BDF18251355ED00F2D239 /* Network */,
				5EE17FFF24EEC44700496AF7 /* Services */,
				BC1BDF17251355E100F2D239 /* Storyboards */,
				06B0EB2124E6786F003D90C6 /* ViewControllers */,
				06B0EB2C24E68289003D90C6 /* ViewModels */,
				06644A8124EA70D5003CD359 /* Views */,
			);
			path = Permanent;
			sourceTree = "<group>";
		};
		5E60451B25120685002E47CB /* Recovered References */ = {
			isa = PBXGroup;
			children = (
			);
			name = "Recovered References";
			sourceTree = "<group>";
		};
		5ED0856524E3E5CA00CDB4D3 /* Fonts */ = {
			isa = PBXGroup;
			children = (
				5ED0855F24E3E5C300CDB4D3 /* OpenSans-Bold.ttf */,
				5ED0856124E3E5C300CDB4D3 /* OpenSans-BoldItalic.ttf */,
				5ED0856224E3E5C300CDB4D3 /* OpenSans-ExtraBold.ttf */,
				5ED0855D24E3E5C300CDB4D3 /* OpenSans-ExtraBoldItalic.ttf */,
				5ED0856324E3E5C300CDB4D3 /* OpenSans-Italic.ttf */,
				5ED0855C24E3E5C300CDB4D3 /* OpenSans-Light.ttf */,
				5ED0855E24E3E5C300CDB4D3 /* OpenSans-LightItalic.ttf */,
				5ED0856424E3E5C400CDB4D3 /* OpenSans-Regular.ttf */,
				5ED0855B24E3E5C300CDB4D3 /* OpenSans-SemiBold.ttf */,
				5ED0856024E3E5C300CDB4D3 /* OpenSans-SemiBoldItalic.ttf */,
			);
			path = Fonts;
			sourceTree = "<group>";
		};
		5EE17FFF24EEC44700496AF7 /* Services */ = {
			isa = PBXGroup;
			children = (
				BCB0725825221494003E2F66 /* PreferencesManager.swift */,
			);
			path = Services;
			sourceTree = "<group>";
		};
		BC120C6125402BFF00C41243 /* Storage */ = {
			isa = PBXGroup;
			children = (
			);
			path = Storage;
			sourceTree = "<group>";
		};
		BC1BDF162513558800F2D239 /* Assets */ = {
			isa = PBXGroup;
			children = (
				BC4526D7251BE50E00E24A51 /* Localization */,
				5ED0856524E3E5CA00CDB4D3 /* Fonts */,
				5E2C5D2324D98EE300E2B95F /* Assets.xcassets */,
				5E2C5D2824D98EE300E2B95F /* Info.plist */,
				BC0108872511ED88002F9FD6 /* DEV-GoogleService-Info.plist */,
				BD2403AF2524978C00AE45B3 /* STAGING-GoogleService-Info.plist */,
				BC0108812510E03C002F9FD6 /* GoogleService-Info.plist */,
			);
			path = Assets;
			sourceTree = "<group>";
		};
		BC1BDF17251355E100F2D239 /* Storyboards */ = {
			isa = PBXGroup;
			children = (
				5E2C5D2524D98EE300E2B95F /* Launch.storyboard */,
				5E3CD44D24EE7F390081B978 /* Onboarding.storyboard */,
				BC6D3B3D251363A900390927 /* Authentication.storyboard */,
				BC4526F0251CD6B600E24A51 /* Main.storyboard */,
			);
			path = Storyboards;
			sourceTree = "<group>";
		};
		BC1BDF18251355ED00F2D239 /* Network */ = {
			isa = PBXGroup;
			children = (
				BC6D3B582514F61400390927 /* Layer */,
				BC6D3B592514F62400390927 /* AuthenticationEndpoint.swift */,
				BC8945122524BE1100FA8D7A /* AccountEndpoint.swift */,
				BC326AAE2526195E00A69597 /* APIErrors.swift */,
				BC6358A02536D80100EEC48C /* FilesEndpoint.swift */,
			);
			path = Network;
			sourceTree = "<group>";
		};
		BC1BDF192513561800F2D239 /* Constants */ = {
			isa = PBXGroup;
			children = (
				06B0EB2924E67EC4003D90C6 /* Constants.swift */,
				BC648781251B9FC7009D7DE1 /* StoryboardName.swift */,
				BC4526DD251C8C4200E24A51 /* Translations.swift */,
			);
			path = Constants;
			sourceTree = "<group>";
		};
		BC1BDF1A2513567B00F2D239 /* XIBs */ = {
			isa = PBXGroup;
			children = (
				06644A8C24EBF51A003CD359 /* BigLogoView.xib */,
				BCB0725F25235C59003E2F66 /* NavigationBarView.xib */,
				BCE3C94B253852E300EC3A66 /* EmptyFolderView.xib */,
				BC752BC8253EBBD100EF7941 /* UploadFilesView.xib */,
			);
			path = XIBs;
			sourceTree = "<group>";
		};
		BC4526D7251BE50E00E24A51 /* Localization */ = {
			isa = PBXGroup;
			children = (
				BC4526DC251BE53900E24A51 /* Localizable.strings */,
			);
			path = Localization;
			sourceTree = "<group>";
		};
		BC4526E3251CACAB00E24A51 /* Data */ = {
			isa = PBXGroup;
			children = (
				BC6358A72536FC8000EEC48C /* Folder */,
				BC4526E4251CACB300E24A51 /* AccountVO.swift */,
				BC326AB22527393400A69597 /* AccountUpdateVO.swift */,
				BC4526E9251CADF600E24A51 /* ArchiveVO.swift */,
				BC6358AE2536FD1700EEC48C /* TimezoneVO.swift */,
				BC2D95A425382215005FE8EF /* FileType.swift */,
				BC566CE62546FDE7000249E1 /* RecordVO.swift */,
			);
			path = Data;
			sourceTree = "<group>";
		};
		BC4526E6251CACD500E24A51 /* Helpers */ = {
			isa = PBXGroup;
			children = (
				BC4526E7251CACDF00E24A51 /* CodableHelper.swift */,
				BC62D58225418EC400E84DA9 /* UploadManager.swift */,
				BC566CDE2546BD69000249E1 /* ImagePicker.swift */,
			);
			path = Helpers;
			sourceTree = "<group>";
		};
		BC4526EB251CD61500E24A51 /* Onboarding */ = {
			isa = PBXGroup;
			children = (
				5EE17FFD24EE9AC500496AF7 /* OnboadingViewController.swift */,
				5EE1800224EECBD500496AF7 /* OnboardingPageOne.swift */,
				5EE1800624EF2A8100496AF7 /* OnboardingPageThree.swift */,
				5EE1800424EF2A6F00496AF7 /* OnboardingPageTwo.swift */,
				5EE17FF524EE94DA00496AF7 /* PageViewController.swift */,
			);
			path = Onboarding;
			sourceTree = "<group>";
		};
		BC6358962535D27300EEC48C /* Cells */ = {
			isa = PBXGroup;
			children = (
				BC6358972535D35D00EEC48C /* FileTableViewCell.swift */,
				BC6358982535D35D00EEC48C /* FileTableViewCell.xib */,
			);
			path = Cells;
			sourceTree = "<group>";
		};
		BC6358A72536FC8000EEC48C /* Folder */ = {
			isa = PBXGroup;
			children = (
				BC6358A82536FC8A00EEC48C /* FolderSizeVO.swift */,
				BC6358AB2536FCDA00EEC48C /* FolderLinkVO.swift */,
				BC6358B12536FD6400EEC48C /* ChildItemVO.swift */,
				BC6358B42536FD9200EEC48C /* FolderVO.swift */,
				BC6358BE2537414300EEC48C /* MinFolderVO.swift */,
			);
			path = Folder;
			sourceTree = "<group>";
		};
		BC6358BA25371FB400EEC48C /* UI */ = {
			isa = PBXGroup;
			children = (
				BC6358BB25371FCB00EEC48C /* FileViewModel.swift */,
			);
			path = UI;
			sourceTree = "<group>";
		};
		BC6D3B3F251363D600390927 /* Authentication */ = {
			isa = PBXGroup;
			children = (
				06B0EB2424E67B6A003D90C6 /* SignUpViewController.swift */,
				BC6D3B40251363E800390927 /* LoginViewController.swift */,
				BC97A46A2519EC1000E43205 /* CodeVerificationController.swift */,
				BCA9A5B82523811100A71592 /* TwoStepVerificationViewController.swift */,
				BC3DF864252DDCCC003D3829 /* BiometricsViewController.swift */,
			);
			path = Authentication;
			sourceTree = "<group>";
		};
		BC6D3B582514F61400390927 /* Layer */ = {
			isa = PBXGroup;
			children = (
				BC6D3B462514E2D100390927 /* RequestProtocol.swift */,
				BC6D3B482514E45F00390927 /* EnvironmentProtocol.swift */,
				BC6D3B4A2514E46D00390927 /* APIEnvironment.swift */,
				BC6D3B4C2514E57500390927 /* NetworkSessionProtocol.swift */,
				BC6D3B4E2514E60800390927 /* APINetworkSession.swift */,
				BC6D3B502514EF3300390927 /* OperationProtocol.swift */,
				BC6D3B522514F0C100390927 /* APIOperation.swift */,
				BC6D3B542514F26F00390927 /* APIError.swift */,
				BC6D3B562514F28800390927 /* APIRequestDispatcher.swift */,
			);
			path = Layer;
			sourceTree = "<group>";
		};
		BC6E70EC252C6F0100113D5F /* Security */ = {
			isa = PBXGroup;
			children = (
				BC6E70ED252C6F0B00113D5F /* LocalAuthentication */,
			);
			path = Security;
			sourceTree = "<group>";
		};
		BC6E70ED252C6F0B00113D5F /* LocalAuthentication */ = {
			isa = PBXGroup;
			children = (
				BC6E70EE252C6F5200113D5F /* ILocalAuthentication.swift */,
				BC6E70F2252C74B600113D5F /* PermanentLocalAuthentication.swift */,
				BC3DF861252DB8BA003D3829 /* LocalAuthErrors.swift */,
				BC3DF867252DE642003D3829 /* BiometryUtils.swift */,
			);
			path = LocalAuthentication;
			sourceTree = "<group>";
		};
		BCB0725A2523497B003E2F66 /* Popups */ = {
			isa = PBXGroup;
			children = (
				BCB0725B25234993003E2F66 /* TermsConditionsPopup.swift */,
			);
			path = Popups;
			sourceTree = "<group>";
		};
		C451B6122C72A441834259B6 /* Frameworks */ = {
			isa = PBXGroup;
			children = (
				BCB0725D2523565A003E2F66 /* WebKit.framework */,
				864293632D1F8008599F3A97 /* Pods_Permanent.framework */,
			);
			name = Frameworks;
			sourceTree = "<group>";
		};
		D01BC0154B74CFCC3532CF7E /* Pods */ = {
			isa = PBXGroup;
			children = (
				FF15C97404C223018EBC290C /* Pods-Permanent.debug.xcconfig */,
				9C912B8D215FC9DBB5D4652C /* Pods-Permanent.dev-debug.xcconfig */,
				F8E2C57314DE2C2792A40D54 /* Pods-Permanent.release.xcconfig */,
				4555EA2FF4726D00ABFEBD19 /* Pods-Permanent.dev-release.xcconfig */,
			);
			path = Pods;
			sourceTree = "<group>";
		};
/* End PBXGroup section */

/* Begin PBXNativeTarget section */
		5E2C5D1624D98EE100E2B95F /* Permanent */ = {
			isa = PBXNativeTarget;
			buildConfigurationList = 5E2C5D2B24D98EE300E2B95F /* Build configuration list for PBXNativeTarget "Permanent" */;
			buildPhases = (
				93709BB8B61DC1F8A5E0ACDC /* [CP] Check Pods Manifest.lock */,
				5E2C5D1324D98EE100E2B95F /* Sources */,
				5E2C5D1424D98EE100E2B95F /* Frameworks */,
				5E2C5D1524D98EE100E2B95F /* Resources */,
				5DADAF29849335C8A16FEF12 /* [CP] Embed Pods Frameworks */,
			);
			buildRules = (
			);
			dependencies = (
			);
			name = Permanent;
			productName = Permanent;
			productReference = 5E2C5D1724D98EE100E2B95F /* Permanent.app */;
			productType = "com.apple.product-type.application";
		};
/* End PBXNativeTarget section */

/* Begin PBXProject section */
		5E2C5D0F24D98EE100E2B95F /* Project object */ = {
			isa = PBXProject;
			attributes = {
				LastSwiftUpdateCheck = 1160;
				LastUpgradeCheck = 1160;
				ORGANIZATIONNAME = "Victory Square Partners";
				TargetAttributes = {
					5E2C5D1624D98EE100E2B95F = {
						CreatedOnToolsVersion = 11.6;
					};
				};
			};
			buildConfigurationList = 5E2C5D1224D98EE100E2B95F /* Build configuration list for PBXProject "Permanent" */;
			compatibilityVersion = "Xcode 9.3";
			developmentRegion = en;
			hasScannedForEncodings = 0;
			knownRegions = (
				en,
				Base,
			);
			mainGroup = 5E2C5D0E24D98EE100E2B95F;
			productRefGroup = 5E2C5D1824D98EE100E2B95F /* Products */;
			projectDirPath = "";
			projectRoot = "";
			targets = (
				5E2C5D1624D98EE100E2B95F /* Permanent */,
			);
		};
/* End PBXProject section */

/* Begin PBXResourcesBuildPhase section */
		5E2C5D1524D98EE100E2B95F /* Resources */ = {
			isa = PBXResourcesBuildPhase;
			buildActionMask = 2147483647;
			files = (
				BC6D3B3E251363A900390927 /* Authentication.storyboard in Resources */,
				5ED0856E24E4257500CDB4D3 /* OpenSans-Italic.ttf in Resources */,
				5ED0856D24E4257100CDB4D3 /* OpenSans-Regular.ttf in Resources */,
				BC0108822510E03C002F9FD6 /* GoogleService-Info.plist in Resources */,
				BD2403B02524978C00AE45B3 /* STAGING-GoogleService-Info.plist in Resources */,
				BC0108882511ED88002F9FD6 /* DEV-GoogleService-Info.plist in Resources */,
				5ED0856C24E4256B00CDB4D3 /* OpenSans-SemiBold.ttf in Resources */,
				5E3CD44E24EE7F390081B978 /* Onboarding.storyboard in Resources */,
				BCE3C94C253852E300EC3A66 /* EmptyFolderView.xib in Resources */,
				BC4526F1251CD6B600E24A51 /* Main.storyboard in Resources */,
				BC63589A2535D35D00EEC48C /* FileTableViewCell.xib in Resources */,
				BC752BC9253EBBD100EF7941 /* UploadFilesView.xib in Resources */,
				5ED0856B24E4256500CDB4D3 /* OpenSans-Bold.ttf in Resources */,
				5E2C5D2724D98EE300E2B95F /* Launch.storyboard in Resources */,
				BC4526DA251BE53900E24A51 /* Localizable.strings in Resources */,
				06644A8D24EBF51A003CD359 /* BigLogoView.xib in Resources */,
				5E2C5D2424D98EE300E2B95F /* Assets.xcassets in Resources */,
				BCB0726025235C59003E2F66 /* NavigationBarView.xib in Resources */,
			);
			runOnlyForDeploymentPostprocessing = 0;
		};
/* End PBXResourcesBuildPhase section */

/* Begin PBXShellScriptBuildPhase section */
		5DADAF29849335C8A16FEF12 /* [CP] Embed Pods Frameworks */ = {
			isa = PBXShellScriptBuildPhase;
			buildActionMask = 2147483647;
			files = (
			);
			inputFileListPaths = (
				"${PODS_ROOT}/Target Support Files/Pods-Permanent/Pods-Permanent-frameworks-${CONFIGURATION}-input-files.xcfilelist",
			);
			name = "[CP] Embed Pods Frameworks";
			outputFileListPaths = (
				"${PODS_ROOT}/Target Support Files/Pods-Permanent/Pods-Permanent-frameworks-${CONFIGURATION}-output-files.xcfilelist",
			);
			runOnlyForDeploymentPostprocessing = 0;
			shellPath = /bin/sh;
			shellScript = "\"${PODS_ROOT}/Target Support Files/Pods-Permanent/Pods-Permanent-frameworks.sh\"\n";
			showEnvVarsInLog = 0;
		};
		93709BB8B61DC1F8A5E0ACDC /* [CP] Check Pods Manifest.lock */ = {
			isa = PBXShellScriptBuildPhase;
			buildActionMask = 2147483647;
			files = (
			);
			inputFileListPaths = (
			);
			inputPaths = (
				"${PODS_PODFILE_DIR_PATH}/Podfile.lock",
				"${PODS_ROOT}/Manifest.lock",
			);
			name = "[CP] Check Pods Manifest.lock";
			outputFileListPaths = (
			);
			outputPaths = (
				"$(DERIVED_FILE_DIR)/Pods-Permanent-checkManifestLockResult.txt",
			);
			runOnlyForDeploymentPostprocessing = 0;
			shellPath = /bin/sh;
			shellScript = "diff \"${PODS_PODFILE_DIR_PATH}/Podfile.lock\" \"${PODS_ROOT}/Manifest.lock\" > /dev/null\nif [ $? != 0 ] ; then\n    # print error to STDERR\n    echo \"error: The sandbox is not in sync with the Podfile.lock. Run 'pod install' or update your CocoaPods installation.\" >&2\n    exit 1\nfi\n# This output is used by Xcode 'outputs' to avoid re-running this script phase.\necho \"SUCCESS\" > \"${SCRIPT_OUTPUT_FILE_0}\"\n";
			showEnvVarsInLog = 0;
		};
/* End PBXShellScriptBuildPhase section */

/* Begin PBXSourcesBuildPhase section */
		5E2C5D1324D98EE100E2B95F /* Sources */ = {
			isa = PBXSourcesBuildPhase;
			buildActionMask = 2147483647;
			files = (
				BC6D3B41251363E800390927 /* LoginViewController.swift in Sources */,
				BC6358BF2537414300EEC48C /* MinFolderVO.swift in Sources */,
				BCE3C94925384C6700EC3A66 /* UIImageViewExtension.swift in Sources */,
				BC4526E5251CACB300E24A51 /* AccountVO.swift in Sources */,
				5E60451E25120826002E47CB /* SignUpViewController.swift in Sources */,
				BC4526E0251CAB7F00E24A51 /* VerifyCodeResponse.swift in Sources */,
				BCFFD293252B506B009485C1 /* UIViewControllerExtension.swift in Sources */,
				BC566CDF2546BD69000249E1 /* ImagePicker.swift in Sources */,
				BC62D580254181BD00E84DA9 /* DataExtension.swift in Sources */,
				BC6358A42536D8EA00EEC48C /* FilesViewModel.swift in Sources */,
				06644A8B24EBF4CD003CD359 /* CustomView.swift in Sources */,
				BC6D3B4D2514E57500390927 /* NetworkSessionProtocol.swift in Sources */,
				06644A8924EA78F5003CD359 /* ViewModelDelegateInterface.swift in Sources */,
				BC6E70EF252C6F5200113D5F /* ILocalAuthentication.swift in Sources */,
				BC6358992535D35D00EEC48C /* FileTableViewCell.swift in Sources */,
				BC4526EA251CADF600E24A51 /* ArchiveVO.swift in Sources */,
				BC6358AF2536FD1700EEC48C /* TimezoneVO.swift in Sources */,
				BCE3C96425388C8D00EC3A66 /* UIImageExtension.swift in Sources */,
				06644A8F24EBF72C003CD359 /* BigLogoView.swift in Sources */,
				BC326AB32527393400A69597 /* AccountUpdateVO.swift in Sources */,
				06644A8724EA772D003CD359 /* CustomButton.swift in Sources */,
				BC6358BC25371FCB00EEC48C /* FileViewModel.swift in Sources */,
				BC6358B52536FD9200EEC48C /* FolderVO.swift in Sources */,
				06819AA624EC208F003D0EB0 /* CustomTextField.swift in Sources */,
				BC3DF865252DDCCC003D3829 /* BiometricsViewController.swift in Sources */,
				BC6E70F3252C74B600113D5F /* PermanentLocalAuthentication.swift in Sources */,
				06B0EB2A24E67EC4003D90C6 /* Constants.swift in Sources */,
				BC6358B22536FD6400EEC48C /* ChildItemVO.swift in Sources */,
				06819AA824EC20CB003D0EB0 /* TextField.swift in Sources */,
				06644A8024EA6F47003CD359 /* BaseViewController.swift in Sources */,
				BCB0726225235DB9003E2F66 /* NavigationBarView.swift in Sources */,
				BC4526FB251E1D7500E24A51 /* AuthResponse.swift in Sources */,
				BC6D3B472514E2D100390927 /* RequestProtocol.swift in Sources */,
				5EE1800324EECBD500496AF7 /* OnboardingPageOne.swift in Sources */,
				BCB0725C25234993003E2F66 /* TermsConditionsPopup.swift in Sources */,
				BC6D3B4525138DFF00390927 /* UIButtonExtension.swift in Sources */,
				BC6358B82536FDAC00EEC48C /* NavigateMinResponse.swift in Sources */,
				BC63589E2536D75300EEC48C /* GetRootResponse.swift in Sources */,
				BC648784251BA24C009D7DE1 /* Payloads.swift in Sources */,
				5E8A3E4F24F3AF4800812361 /* PageViewModelInterface.swift in Sources */,
				BC120C5F253EF8F500C41243 /* FABActionSheet.swift in Sources */,
				5E8A3E4B24F3AB4300812361 /* BasePageViewController.swift in Sources */,
				BC752BCC253EBBE100EF7941 /* UploadFilesView.swift in Sources */,
				5EE17FF624EE94DA00496AF7 /* PageViewController.swift in Sources */,
				BC326AAF2526195E00A69597 /* APIErrors.swift in Sources */,
				BC566CE72546FDE7000249E1 /* RecordVO.swift in Sources */,
				BC752BCF253EE53000EF7941 /* FABView.swift in Sources */,
				BC97A46D2519EC3400E43205 /* VerificationCodeViewModel.swift in Sources */,
				5E2C5D1B24D98EE100E2B95F /* AppDelegate.swift in Sources */,
				5EE1800524EF2A6F00496AF7 /* OnboardingPageTwo.swift in Sources */,
				BC4526F5251DF5AE00E24A51 /* RootViewController.swift in Sources */,
				BC6D3B572514F28800390927 /* APIRequestDispatcher.swift in Sources */,
				BC97A46B2519EC1000E43205 /* CodeVerificationController.swift in Sources */,
				BCB0725925221494003E2F66 /* PreferencesManager.swift in Sources */,
				BC6D3B4F2514E60800390927 /* APINetworkSession.swift in Sources */,
				BC2D95A525382215005FE8EF /* FileType.swift in Sources */,
				BC62D58325418EC400E84DA9 /* UploadManager.swift in Sources */,
				BC6358A92536FC8A00EEC48C /* FolderSizeVO.swift in Sources */,
				BC4526ED251CD62C00E24A51 /* MainViewController.swift in Sources */,
				BC4526F3251CDB7000E24A51 /* UINavigationControllerExtension.swift in Sources */,
				BC6358AC2536FCDA00EEC48C /* FolderLinkVO.swift in Sources */,
				06644A7E24EA6E47003CD359 /* ViewModelInterface.swift in Sources */,
				BC6D3B512514EF3300390927 /* OperationProtocol.swift in Sources */,
				BC8945112524B24000FA8D7A /* SignUpResponse.swift in Sources */,
				BC6D3B5A2514F62400390927 /* AuthenticationEndpoint.swift in Sources */,
				BC648780251B6591009D7DE1 /* LoginResponse.swift in Sources */,
				5E60451D251206F9002E47CB /* OnboardingViewModel.swift in Sources */,
				5ED0856A24E3EBBB00CDB4D3 /* TextStyle.swift in Sources */,
				BC4526F9251DF60A00E24A51 /* SplashViewModel.swift in Sources */,
				BC566CE22546CD61000249E1 /* UIAlertControllerExtension.swift in Sources */,
				BC3DF862252DB8BA003D3829 /* LocalAuthErrors.swift in Sources */,
				BC6D3B432513664C00390927 /* AuthViewModel.swift in Sources */,
				BC4526DE251C8C4200E24A51 /* Translations.swift in Sources */,
				BC6D3B552514F26F00390927 /* APIError.swift in Sources */,
				BC6D3B532514F0C100390927 /* APIOperation.swift in Sources */,
				BC648782251B9FC7009D7DE1 /* StoryboardName.swift in Sources */,
				06B0EB2E24E68298003D90C6 /* AccountViewModel.swift in Sources */,
				5E8A3E4D24F3ABD500812361 /* PageViewModel.swift in Sources */,
				BC326AB1252738FB00A69597 /* AccountUpdateResponse.swift in Sources */,
				BC6E70F1252C740300113D5F /* PermanentError.swift in Sources */,
				BCE3C94F25385FB500EC3A66 /* EmptyFolderView.swift in Sources */,
				5EE1800724EF2A8100496AF7 /* OnboardingPageThree.swift in Sources */,
				BC62D57D254180D300E84DA9 /* FileInfo.swift in Sources */,
				BCA9A5B92523811100A71592 /* TwoStepVerificationViewController.swift in Sources */,
				BC4526F7251DF5E900E24A51 /* SplashViewController.swift in Sources */,
				BC6D3B492514E45F00390927 /* EnvironmentProtocol.swift in Sources */,
				5EE17FFE24EE9AC500496AF7 /* OnboadingViewController.swift in Sources */,
				BC6358A12536D80100EEC48C /* FilesEndpoint.swift in Sources */,
				BC566CEA2546FE00000249E1 /* UploadFileMetaResponse.swift in Sources */,
				BC6D3B4B2514E46E00390927 /* APIEnvironment.swift in Sources */,
				BC4526E8251CACDF00E24A51 /* CodableHelper.swift in Sources */,
				BC97A4692518E73300E43205 /* StringExtension.swift in Sources */,
				06B0EB2824E67E6A003D90C6 /* UIColor.swift in Sources */,
				5E8A3E5124F3AFCE00812361 /* PageViewModelDelegateInterface.swift in Sources */,
				BC8945132524BE1100FA8D7A /* AccountEndpoint.swift in Sources */,
				BC6358842535C7D000EEC48C /* NavigationController.swift in Sources */,
				BC3DF868252DE642003D3829 /* BiometryUtils.swift in Sources */,
				06644A8524EA7156003CD359 /* RoundedButton.swift in Sources */,
			);
			runOnlyForDeploymentPostprocessing = 0;
		};
/* End PBXSourcesBuildPhase section */

/* Begin PBXVariantGroup section */
		5E2C5D2524D98EE300E2B95F /* Launch.storyboard */ = {
			isa = PBXVariantGroup;
			children = (
				5E2C5D2624D98EE300E2B95F /* Base */,
			);
			name = Launch.storyboard;
			sourceTree = "<group>";
		};
		BC4526DC251BE53900E24A51 /* Localizable.strings */ = {
			isa = PBXVariantGroup;
			children = (
				BC4526DB251BE53900E24A51 /* en */,
			);
			name = Localizable.strings;
			sourceTree = "<group>";
		};
/* End PBXVariantGroup section */

/* Begin XCBuildConfiguration section */
		5E2C5D2924D98EE300E2B95F /* Debug */ = {
			isa = XCBuildConfiguration;
			buildSettings = {
				ALWAYS_SEARCH_USER_PATHS = NO;
				CLANG_ANALYZER_NONNULL = YES;
				CLANG_ANALYZER_NUMBER_OBJECT_CONVERSION = YES_AGGRESSIVE;
				CLANG_CXX_LANGUAGE_STANDARD = "gnu++14";
				CLANG_CXX_LIBRARY = "libc++";
				CLANG_ENABLE_MODULES = YES;
				CLANG_ENABLE_OBJC_ARC = YES;
				CLANG_ENABLE_OBJC_WEAK = YES;
				CLANG_WARN_BLOCK_CAPTURE_AUTORELEASING = YES;
				CLANG_WARN_BOOL_CONVERSION = YES;
				CLANG_WARN_COMMA = YES;
				CLANG_WARN_CONSTANT_CONVERSION = YES;
				CLANG_WARN_DEPRECATED_OBJC_IMPLEMENTATIONS = YES;
				CLANG_WARN_DIRECT_OBJC_ISA_USAGE = YES_ERROR;
				CLANG_WARN_DOCUMENTATION_COMMENTS = YES;
				CLANG_WARN_EMPTY_BODY = YES;
				CLANG_WARN_ENUM_CONVERSION = YES;
				CLANG_WARN_INFINITE_RECURSION = YES;
				CLANG_WARN_INT_CONVERSION = YES;
				CLANG_WARN_NON_LITERAL_NULL_CONVERSION = YES;
				CLANG_WARN_OBJC_IMPLICIT_RETAIN_SELF = YES;
				CLANG_WARN_OBJC_LITERAL_CONVERSION = YES;
				CLANG_WARN_OBJC_ROOT_CLASS = YES_ERROR;
				CLANG_WARN_RANGE_LOOP_ANALYSIS = YES;
				CLANG_WARN_STRICT_PROTOTYPES = YES;
				CLANG_WARN_SUSPICIOUS_MOVE = YES;
				CLANG_WARN_UNGUARDED_AVAILABILITY = YES_AGGRESSIVE;
				CLANG_WARN_UNREACHABLE_CODE = YES;
				CLANG_WARN__DUPLICATE_METHOD_MATCH = YES;
				COPY_PHASE_STRIP = NO;
				DEBUG_INFORMATION_FORMAT = dwarf;
				ENABLE_STRICT_OBJC_MSGSEND = YES;
				ENABLE_TESTABILITY = YES;
				GCC_C_LANGUAGE_STANDARD = gnu11;
				GCC_DYNAMIC_NO_PIC = NO;
				GCC_NO_COMMON_BLOCKS = YES;
				GCC_OPTIMIZATION_LEVEL = 0;
				GCC_PREPROCESSOR_DEFINITIONS = (
					"DEBUG=1",
					"$(inherited)",
				);
				GCC_WARN_64_TO_32_BIT_CONVERSION = YES;
				GCC_WARN_ABOUT_RETURN_TYPE = YES_ERROR;
				GCC_WARN_UNDECLARED_SELECTOR = YES;
				GCC_WARN_UNINITIALIZED_AUTOS = YES_AGGRESSIVE;
				GCC_WARN_UNUSED_FUNCTION = YES;
				GCC_WARN_UNUSED_VARIABLE = YES;
				IPHONEOS_DEPLOYMENT_TARGET = 12.0;
				MTL_ENABLE_DEBUG_INFO = INCLUDE_SOURCE;
				MTL_FAST_MATH = YES;
				ONLY_ACTIVE_ARCH = YES;
				SDKROOT = iphoneos;
				SWIFT_ACTIVE_COMPILATION_CONDITIONS = DEBUG;
				SWIFT_OPTIMIZATION_LEVEL = "-Onone";
			};
			name = Debug;
		};
		5E2C5D2A24D98EE300E2B95F /* Release */ = {
			isa = XCBuildConfiguration;
			buildSettings = {
				ALWAYS_SEARCH_USER_PATHS = NO;
				CLANG_ANALYZER_NONNULL = YES;
				CLANG_ANALYZER_NUMBER_OBJECT_CONVERSION = YES_AGGRESSIVE;
				CLANG_CXX_LANGUAGE_STANDARD = "gnu++14";
				CLANG_CXX_LIBRARY = "libc++";
				CLANG_ENABLE_MODULES = YES;
				CLANG_ENABLE_OBJC_ARC = YES;
				CLANG_ENABLE_OBJC_WEAK = YES;
				CLANG_WARN_BLOCK_CAPTURE_AUTORELEASING = YES;
				CLANG_WARN_BOOL_CONVERSION = YES;
				CLANG_WARN_COMMA = YES;
				CLANG_WARN_CONSTANT_CONVERSION = YES;
				CLANG_WARN_DEPRECATED_OBJC_IMPLEMENTATIONS = YES;
				CLANG_WARN_DIRECT_OBJC_ISA_USAGE = YES_ERROR;
				CLANG_WARN_DOCUMENTATION_COMMENTS = YES;
				CLANG_WARN_EMPTY_BODY = YES;
				CLANG_WARN_ENUM_CONVERSION = YES;
				CLANG_WARN_INFINITE_RECURSION = YES;
				CLANG_WARN_INT_CONVERSION = YES;
				CLANG_WARN_NON_LITERAL_NULL_CONVERSION = YES;
				CLANG_WARN_OBJC_IMPLICIT_RETAIN_SELF = YES;
				CLANG_WARN_OBJC_LITERAL_CONVERSION = YES;
				CLANG_WARN_OBJC_ROOT_CLASS = YES_ERROR;
				CLANG_WARN_RANGE_LOOP_ANALYSIS = YES;
				CLANG_WARN_STRICT_PROTOTYPES = YES;
				CLANG_WARN_SUSPICIOUS_MOVE = YES;
				CLANG_WARN_UNGUARDED_AVAILABILITY = YES_AGGRESSIVE;
				CLANG_WARN_UNREACHABLE_CODE = YES;
				CLANG_WARN__DUPLICATE_METHOD_MATCH = YES;
				COPY_PHASE_STRIP = NO;
				DEBUG_INFORMATION_FORMAT = "dwarf-with-dsym";
				ENABLE_NS_ASSERTIONS = NO;
				ENABLE_STRICT_OBJC_MSGSEND = YES;
				GCC_C_LANGUAGE_STANDARD = gnu11;
				GCC_NO_COMMON_BLOCKS = YES;
				GCC_WARN_64_TO_32_BIT_CONVERSION = YES;
				GCC_WARN_ABOUT_RETURN_TYPE = YES_ERROR;
				GCC_WARN_UNDECLARED_SELECTOR = YES;
				GCC_WARN_UNINITIALIZED_AUTOS = YES_AGGRESSIVE;
				GCC_WARN_UNUSED_FUNCTION = YES;
				GCC_WARN_UNUSED_VARIABLE = YES;
				IPHONEOS_DEPLOYMENT_TARGET = 12.0;
				MTL_ENABLE_DEBUG_INFO = NO;
				MTL_FAST_MATH = YES;
				SDKROOT = iphoneos;
				SWIFT_COMPILATION_MODE = wholemodule;
				SWIFT_OPTIMIZATION_LEVEL = "-O";
				VALIDATE_PRODUCT = YES;
			};
			name = Release;
		};
		5E2C5D2C24D98EE300E2B95F /* Debug */ = {
			isa = XCBuildConfiguration;
			baseConfigurationReference = FF15C97404C223018EBC290C /* Pods-Permanent.debug.xcconfig */;
			buildSettings = {
				ASSETCATALOG_COMPILER_APPICON_NAME = AppIcon;
				CODE_SIGN_IDENTITY = "iPhone Developer";
				CODE_SIGN_STYLE = Manual;
				CURRENT_PROJECT_VERSION = 2;
				DEVELOPMENT_TEAM = C8YKZNBVWT;
				GOOGLE_PLIST_NAME = "GoogleService-Info";
				INFOPLIST_FILE = "$(SRCROOT)/Permanent/Assets/Info.plist";
				IPHONEOS_DEPLOYMENT_TARGET = 12.0;
				LD_RUNPATH_SEARCH_PATHS = (
					"$(inherited)",
					"@executable_path/Frameworks",
				);
				MARKETING_VERSION = 1.0.0;
				PRODUCT_BUNDLE_IDENTIFIER = org.permanent.permanent;
				PRODUCT_NAME = "$(TARGET_NAME)";
				PROVISIONING_PROFILE_SPECIFIER = "Staging DEV";
				SWIFT_VERSION = 5.0;
				TARGETED_DEVICE_FAMILY = 1;
			};
			name = Debug;
		};
		5E2C5D2D24D98EE300E2B95F /* Release */ = {
			isa = XCBuildConfiguration;
			baseConfigurationReference = F8E2C57314DE2C2792A40D54 /* Pods-Permanent.release.xcconfig */;
			buildSettings = {
				ASSETCATALOG_COMPILER_APPICON_NAME = AppIcon;
				CODE_SIGN_IDENTITY = "iPhone Distribution";
				CODE_SIGN_STYLE = Manual;
				CURRENT_PROJECT_VERSION = 2;
				DEVELOPMENT_TEAM = C8YKZNBVWT;
				GOOGLE_PLIST_NAME = "GoogleService-Info";
				INFOPLIST_FILE = "$(SRCROOT)/Permanent/Assets/Info.plist";
				IPHONEOS_DEPLOYMENT_TARGET = 12.0;
				LD_RUNPATH_SEARCH_PATHS = (
					"$(inherited)",
					"@executable_path/Frameworks",
				);
				MARKETING_VERSION = 1.0.0;
				PRODUCT_BUNDLE_IDENTIFIER = org.permanent.permanent;
				PRODUCT_NAME = "$(TARGET_NAME)";
				PROVISIONING_PROFILE_SPECIFIER = "";
				SWIFT_VERSION = 5.0;
				TARGETED_DEVICE_FAMILY = 1;
			};
			name = Release;
		};
		BC0108832511E8D7002F9FD6 /* DEV-Debug */ = {
			isa = XCBuildConfiguration;
			buildSettings = {
				ALWAYS_SEARCH_USER_PATHS = NO;
				CLANG_ANALYZER_NONNULL = YES;
				CLANG_ANALYZER_NUMBER_OBJECT_CONVERSION = YES_AGGRESSIVE;
				CLANG_CXX_LANGUAGE_STANDARD = "gnu++14";
				CLANG_CXX_LIBRARY = "libc++";
				CLANG_ENABLE_MODULES = YES;
				CLANG_ENABLE_OBJC_ARC = YES;
				CLANG_ENABLE_OBJC_WEAK = YES;
				CLANG_WARN_BLOCK_CAPTURE_AUTORELEASING = YES;
				CLANG_WARN_BOOL_CONVERSION = YES;
				CLANG_WARN_COMMA = YES;
				CLANG_WARN_CONSTANT_CONVERSION = YES;
				CLANG_WARN_DEPRECATED_OBJC_IMPLEMENTATIONS = YES;
				CLANG_WARN_DIRECT_OBJC_ISA_USAGE = YES_ERROR;
				CLANG_WARN_DOCUMENTATION_COMMENTS = YES;
				CLANG_WARN_EMPTY_BODY = YES;
				CLANG_WARN_ENUM_CONVERSION = YES;
				CLANG_WARN_INFINITE_RECURSION = YES;
				CLANG_WARN_INT_CONVERSION = YES;
				CLANG_WARN_NON_LITERAL_NULL_CONVERSION = YES;
				CLANG_WARN_OBJC_IMPLICIT_RETAIN_SELF = YES;
				CLANG_WARN_OBJC_LITERAL_CONVERSION = YES;
				CLANG_WARN_OBJC_ROOT_CLASS = YES_ERROR;
				CLANG_WARN_RANGE_LOOP_ANALYSIS = YES;
				CLANG_WARN_STRICT_PROTOTYPES = YES;
				CLANG_WARN_SUSPICIOUS_MOVE = YES;
				CLANG_WARN_UNGUARDED_AVAILABILITY = YES_AGGRESSIVE;
				CLANG_WARN_UNREACHABLE_CODE = YES;
				CLANG_WARN__DUPLICATE_METHOD_MATCH = YES;
				COPY_PHASE_STRIP = NO;
				DEBUG_INFORMATION_FORMAT = dwarf;
				ENABLE_STRICT_OBJC_MSGSEND = YES;
				ENABLE_TESTABILITY = YES;
				GCC_C_LANGUAGE_STANDARD = gnu11;
				GCC_DYNAMIC_NO_PIC = NO;
				GCC_NO_COMMON_BLOCKS = YES;
				GCC_OPTIMIZATION_LEVEL = 0;
				GCC_PREPROCESSOR_DEFINITIONS = (
					"DEBUG=1",
					"$(inherited)",
				);
				GCC_WARN_64_TO_32_BIT_CONVERSION = YES;
				GCC_WARN_ABOUT_RETURN_TYPE = YES_ERROR;
				GCC_WARN_UNDECLARED_SELECTOR = YES;
				GCC_WARN_UNINITIALIZED_AUTOS = YES_AGGRESSIVE;
				GCC_WARN_UNUSED_FUNCTION = YES;
				GCC_WARN_UNUSED_VARIABLE = YES;
				IPHONEOS_DEPLOYMENT_TARGET = 12.0;
				MTL_ENABLE_DEBUG_INFO = INCLUDE_SOURCE;
				MTL_FAST_MATH = YES;
				ONLY_ACTIVE_ARCH = YES;
				SDKROOT = iphoneos;
				SWIFT_ACTIVE_COMPILATION_CONDITIONS = DEBUG;
				SWIFT_OPTIMIZATION_LEVEL = "-Onone";
			};
			name = "DEV-Debug";
		};
		BC0108842511E8D7002F9FD6 /* DEV-Debug */ = {
			isa = XCBuildConfiguration;
			baseConfigurationReference = 9C912B8D215FC9DBB5D4652C /* Pods-Permanent.dev-debug.xcconfig */;
			buildSettings = {
				ASSETCATALOG_COMPILER_APPICON_NAME = AppIcon;
				CODE_SIGN_IDENTITY = "iPhone Developer";
				CODE_SIGN_STYLE = Manual;
				CURRENT_PROJECT_VERSION = 2;
				DEVELOPMENT_TEAM = C8YKZNBVWT;
				GOOGLE_PLIST_NAME = "STAGING-GoogleService-Info";
				INFOPLIST_FILE = "$(SRCROOT)/Permanent/Assets/Info.plist";
				IPHONEOS_DEPLOYMENT_TARGET = 12.0;
				LD_RUNPATH_SEARCH_PATHS = (
					"$(inherited)",
					"@executable_path/Frameworks",
				);
				MARKETING_VERSION = 1.0.0;
				PRODUCT_BUNDLE_IDENTIFIER = org.permanent.permanent.staging;
				PRODUCT_NAME = "$(TARGET_NAME) Dev";
				PROVISIONING_PROFILE_SPECIFIER = "Staging DEV";
				SWIFT_VERSION = 5.0;
				TARGETED_DEVICE_FAMILY = 1;
			};
			name = "DEV-Debug";
		};
		BC0108852511E96A002F9FD6 /* DEV-Release */ = {
			isa = XCBuildConfiguration;
			buildSettings = {
				ALWAYS_SEARCH_USER_PATHS = NO;
				CLANG_ANALYZER_NONNULL = YES;
				CLANG_ANALYZER_NUMBER_OBJECT_CONVERSION = YES_AGGRESSIVE;
				CLANG_CXX_LANGUAGE_STANDARD = "gnu++14";
				CLANG_CXX_LIBRARY = "libc++";
				CLANG_ENABLE_MODULES = YES;
				CLANG_ENABLE_OBJC_ARC = YES;
				CLANG_ENABLE_OBJC_WEAK = YES;
				CLANG_WARN_BLOCK_CAPTURE_AUTORELEASING = YES;
				CLANG_WARN_BOOL_CONVERSION = YES;
				CLANG_WARN_COMMA = YES;
				CLANG_WARN_CONSTANT_CONVERSION = YES;
				CLANG_WARN_DEPRECATED_OBJC_IMPLEMENTATIONS = YES;
				CLANG_WARN_DIRECT_OBJC_ISA_USAGE = YES_ERROR;
				CLANG_WARN_DOCUMENTATION_COMMENTS = YES;
				CLANG_WARN_EMPTY_BODY = YES;
				CLANG_WARN_ENUM_CONVERSION = YES;
				CLANG_WARN_INFINITE_RECURSION = YES;
				CLANG_WARN_INT_CONVERSION = YES;
				CLANG_WARN_NON_LITERAL_NULL_CONVERSION = YES;
				CLANG_WARN_OBJC_IMPLICIT_RETAIN_SELF = YES;
				CLANG_WARN_OBJC_LITERAL_CONVERSION = YES;
				CLANG_WARN_OBJC_ROOT_CLASS = YES_ERROR;
				CLANG_WARN_RANGE_LOOP_ANALYSIS = YES;
				CLANG_WARN_STRICT_PROTOTYPES = YES;
				CLANG_WARN_SUSPICIOUS_MOVE = YES;
				CLANG_WARN_UNGUARDED_AVAILABILITY = YES_AGGRESSIVE;
				CLANG_WARN_UNREACHABLE_CODE = YES;
				CLANG_WARN__DUPLICATE_METHOD_MATCH = YES;
				COPY_PHASE_STRIP = NO;
				DEBUG_INFORMATION_FORMAT = "dwarf-with-dsym";
				ENABLE_NS_ASSERTIONS = NO;
				ENABLE_STRICT_OBJC_MSGSEND = YES;
				GCC_C_LANGUAGE_STANDARD = gnu11;
				GCC_NO_COMMON_BLOCKS = YES;
				GCC_WARN_64_TO_32_BIT_CONVERSION = YES;
				GCC_WARN_ABOUT_RETURN_TYPE = YES_ERROR;
				GCC_WARN_UNDECLARED_SELECTOR = YES;
				GCC_WARN_UNINITIALIZED_AUTOS = YES_AGGRESSIVE;
				GCC_WARN_UNUSED_FUNCTION = YES;
				GCC_WARN_UNUSED_VARIABLE = YES;
				IPHONEOS_DEPLOYMENT_TARGET = 12.0;
				MTL_ENABLE_DEBUG_INFO = NO;
				MTL_FAST_MATH = YES;
				SDKROOT = iphoneos;
				SWIFT_COMPILATION_MODE = wholemodule;
				SWIFT_OPTIMIZATION_LEVEL = "-O";
				VALIDATE_PRODUCT = YES;
			};
			name = "DEV-Release";
		};
		BC0108862511E96A002F9FD6 /* DEV-Release */ = {
			isa = XCBuildConfiguration;
			baseConfigurationReference = 4555EA2FF4726D00ABFEBD19 /* Pods-Permanent.dev-release.xcconfig */;
			buildSettings = {
				ASSETCATALOG_COMPILER_APPICON_NAME = AppIcon;
				CODE_SIGN_IDENTITY = "iPhone Distribution";
				CODE_SIGN_STYLE = Manual;
				CURRENT_PROJECT_VERSION = 2;
				DEVELOPMENT_TEAM = C8YKZNBVWT;
				GOOGLE_PLIST_NAME = "STAGING-GoogleService-Info";
				INFOPLIST_FILE = "$(SRCROOT)/Permanent/Assets/Info.plist";
				IPHONEOS_DEPLOYMENT_TARGET = 12.0;
				LD_RUNPATH_SEARCH_PATHS = (
					"$(inherited)",
					"@executable_path/Frameworks",
				);
				MARKETING_VERSION = 1.0.0;
				PRODUCT_BUNDLE_IDENTIFIER = org.permanent.permanent.staging;
				PRODUCT_NAME = "$(TARGET_NAME) Dev";
				PROVISIONING_PROFILE_SPECIFIER = "Permanent Mobile Staging";
				SWIFT_VERSION = 5.0;
				TARGETED_DEVICE_FAMILY = 1;
			};
			name = "DEV-Release";
		};
/* End XCBuildConfiguration section */

/* Begin XCConfigurationList section */
		5E2C5D1224D98EE100E2B95F /* Build configuration list for PBXProject "Permanent" */ = {
			isa = XCConfigurationList;
			buildConfigurations = (
				5E2C5D2924D98EE300E2B95F /* Debug */,
				BC0108832511E8D7002F9FD6 /* DEV-Debug */,
				5E2C5D2A24D98EE300E2B95F /* Release */,
				BC0108852511E96A002F9FD6 /* DEV-Release */,
			);
			defaultConfigurationIsVisible = 0;
			defaultConfigurationName = Release;
		};
		5E2C5D2B24D98EE300E2B95F /* Build configuration list for PBXNativeTarget "Permanent" */ = {
			isa = XCConfigurationList;
			buildConfigurations = (
				5E2C5D2C24D98EE300E2B95F /* Debug */,
				BC0108842511E8D7002F9FD6 /* DEV-Debug */,
				5E2C5D2D24D98EE300E2B95F /* Release */,
				BC0108862511E96A002F9FD6 /* DEV-Release */,
			);
			defaultConfigurationIsVisible = 0;
			defaultConfigurationName = Release;
		};
/* End XCConfigurationList section */
	};
	rootObject = 5E2C5D0F24D98EE100E2B95F /* Project object */;
}
