// !$*UTF8*$!
{
	archiveVersion = 1;
	classes = {
	};
	objectVersion = 50;
	objects = {

/* Begin PBXBuildFile section */
		5E1DCA7924E17B78008F515B /* OnboardingViewModel.swift in Sources */ = {isa = PBXBuildFile; fileRef = 5E1DCA7824E17B78008F515B /* OnboardingViewModel.swift */; };
		5E2C5D1B24D98EE100E2B95F /* AppDelegate.swift in Sources */ = {isa = PBXBuildFile; fileRef = 5E2C5D1A24D98EE100E2B95F /* AppDelegate.swift */; };
		5E2C5D1D24D98EE100E2B95F /* SceneDelegate.swift in Sources */ = {isa = PBXBuildFile; fileRef = 5E2C5D1C24D98EE100E2B95F /* SceneDelegate.swift */; };
		5E2C5D1F24D98EE100E2B95F /* ViewController.swift in Sources */ = {isa = PBXBuildFile; fileRef = 5E2C5D1E24D98EE100E2B95F /* ViewController.swift */; };
		5E2C5D2224D98EE100E2B95F /* Main.storyboard in Resources */ = {isa = PBXBuildFile; fileRef = 5E2C5D2024D98EE100E2B95F /* Main.storyboard */; };
		5E2C5D2424D98EE300E2B95F /* Assets.xcassets in Resources */ = {isa = PBXBuildFile; fileRef = 5E2C5D2324D98EE300E2B95F /* Assets.xcassets */; };
		5E2C5D2724D98EE300E2B95F /* LaunchScreen.storyboard in Resources */ = {isa = PBXBuildFile; fileRef = 5E2C5D2524D98EE300E2B95F /* LaunchScreen.storyboard */; };
		5ED0855724E2E04400CDB4D3 /* OnBoardingView.swift in Sources */ = {isa = PBXBuildFile; fileRef = 5ED0855624E2E04400CDB4D3 /* OnBoardingView.swift */; };
		5ED0855924E2E06300CDB4D3 /* OnboardingModel.swift in Sources */ = {isa = PBXBuildFile; fileRef = 5ED0855824E2E06300CDB4D3 /* OnboardingModel.swift */; };
		5ED0856824E3E5FC00CDB4D3 /* ColorStyle.swift in Sources */ = {isa = PBXBuildFile; fileRef = 5ED0856724E3E5FC00CDB4D3 /* ColorStyle.swift */; };
		5ED0856A24E3EBBB00CDB4D3 /* FontManager.swift in Sources */ = {isa = PBXBuildFile; fileRef = 5ED0856924E3EBBB00CDB4D3 /* FontManager.swift */; };
		5ED0856B24E4256500CDB4D3 /* OpenSans-Bold.ttf in Resources */ = {isa = PBXBuildFile; fileRef = 5ED0855F24E3E5C300CDB4D3 /* OpenSans-Bold.ttf */; };
		5ED0856C24E4256B00CDB4D3 /* OpenSans-SemiBold.ttf in Resources */ = {isa = PBXBuildFile; fileRef = 5ED0855B24E3E5C300CDB4D3 /* OpenSans-SemiBold.ttf */; };
		5ED0856D24E4257100CDB4D3 /* OpenSans-Regular.ttf in Resources */ = {isa = PBXBuildFile; fileRef = 5ED0856424E3E5C400CDB4D3 /* OpenSans-Regular.ttf */; };
		5ED0856E24E4257500CDB4D3 /* OpenSans-Italic.ttf in Resources */ = {isa = PBXBuildFile; fileRef = 5ED0856324E3E5C300CDB4D3 /* OpenSans-Italic.ttf */; };
/* End PBXBuildFile section */

/* Begin PBXFileReference section */
		5E1DCA7824E17B78008F515B /* OnboardingViewModel.swift */ = {isa = PBXFileReference; lastKnownFileType = sourcecode.swift; path = OnboardingViewModel.swift; sourceTree = "<group>"; };
		5E2C5D1724D98EE100E2B95F /* Permanent.app */ = {isa = PBXFileReference; explicitFileType = wrapper.application; includeInIndex = 0; path = Permanent.app; sourceTree = BUILT_PRODUCTS_DIR; };
		5E2C5D1A24D98EE100E2B95F /* AppDelegate.swift */ = {isa = PBXFileReference; lastKnownFileType = sourcecode.swift; path = AppDelegate.swift; sourceTree = "<group>"; };
		5E2C5D1C24D98EE100E2B95F /* SceneDelegate.swift */ = {isa = PBXFileReference; lastKnownFileType = sourcecode.swift; path = SceneDelegate.swift; sourceTree = "<group>"; };
		5E2C5D1E24D98EE100E2B95F /* ViewController.swift */ = {isa = PBXFileReference; lastKnownFileType = sourcecode.swift; path = ViewController.swift; sourceTree = "<group>"; };
		5E2C5D2124D98EE100E2B95F /* Base */ = {isa = PBXFileReference; lastKnownFileType = file.storyboard; name = Base; path = Base.lproj/Main.storyboard; sourceTree = "<group>"; };
		5E2C5D2324D98EE300E2B95F /* Assets.xcassets */ = {isa = PBXFileReference; lastKnownFileType = folder.assetcatalog; path = Assets.xcassets; sourceTree = "<group>"; };
		5E2C5D2624D98EE300E2B95F /* Base */ = {isa = PBXFileReference; lastKnownFileType = file.storyboard; name = Base; path = Base.lproj/LaunchScreen.storyboard; sourceTree = "<group>"; };
		5E2C5D2824D98EE300E2B95F /* Info.plist */ = {isa = PBXFileReference; lastKnownFileType = text.plist.xml; path = Info.plist; sourceTree = "<group>"; };
		5ED0855624E2E04400CDB4D3 /* OnBoardingView.swift */ = {isa = PBXFileReference; lastKnownFileType = sourcecode.swift; path = OnBoardingView.swift; sourceTree = "<group>"; };
		5ED0855824E2E06300CDB4D3 /* OnboardingModel.swift */ = {isa = PBXFileReference; lastKnownFileType = sourcecode.swift; path = OnboardingModel.swift; sourceTree = "<group>"; };
		5ED0855B24E3E5C300CDB4D3 /* OpenSans-SemiBold.ttf */ = {isa = PBXFileReference; lastKnownFileType = file; path = "OpenSans-SemiBold.ttf"; sourceTree = "<group>"; };
		5ED0855C24E3E5C300CDB4D3 /* OpenSans-Light.ttf */ = {isa = PBXFileReference; lastKnownFileType = file; path = "OpenSans-Light.ttf"; sourceTree = "<group>"; };
		5ED0855D24E3E5C300CDB4D3 /* OpenSans-ExtraBoldItalic.ttf */ = {isa = PBXFileReference; lastKnownFileType = file; path = "OpenSans-ExtraBoldItalic.ttf"; sourceTree = "<group>"; };
		5ED0855E24E3E5C300CDB4D3 /* OpenSans-LightItalic.ttf */ = {isa = PBXFileReference; lastKnownFileType = file; path = "OpenSans-LightItalic.ttf"; sourceTree = "<group>"; };
		5ED0855F24E3E5C300CDB4D3 /* OpenSans-Bold.ttf */ = {isa = PBXFileReference; lastKnownFileType = file; path = "OpenSans-Bold.ttf"; sourceTree = "<group>"; };
		5ED0856024E3E5C300CDB4D3 /* OpenSans-SemiBoldItalic.ttf */ = {isa = PBXFileReference; lastKnownFileType = file; path = "OpenSans-SemiBoldItalic.ttf"; sourceTree = "<group>"; };
		5ED0856124E3E5C300CDB4D3 /* OpenSans-BoldItalic.ttf */ = {isa = PBXFileReference; lastKnownFileType = file; path = "OpenSans-BoldItalic.ttf"; sourceTree = "<group>"; };
		5ED0856224E3E5C300CDB4D3 /* OpenSans-ExtraBold.ttf */ = {isa = PBXFileReference; lastKnownFileType = file; path = "OpenSans-ExtraBold.ttf"; sourceTree = "<group>"; };
		5ED0856324E3E5C300CDB4D3 /* OpenSans-Italic.ttf */ = {isa = PBXFileReference; lastKnownFileType = file; path = "OpenSans-Italic.ttf"; sourceTree = "<group>"; };
		5ED0856424E3E5C400CDB4D3 /* OpenSans-Regular.ttf */ = {isa = PBXFileReference; lastKnownFileType = file; path = "OpenSans-Regular.ttf"; sourceTree = "<group>"; };
		5ED0856724E3E5FC00CDB4D3 /* ColorStyle.swift */ = {isa = PBXFileReference; fileEncoding = 4; lastKnownFileType = sourcecode.swift; path = ColorStyle.swift; sourceTree = "<group>"; };
		5ED0856924E3EBBB00CDB4D3 /* FontManager.swift */ = {isa = PBXFileReference; lastKnownFileType = sourcecode.swift; path = FontManager.swift; sourceTree = "<group>"; };
/* End PBXFileReference section */

/* Begin PBXFrameworksBuildPhase section */
		5E2C5D1424D98EE100E2B95F /* Frameworks */ = {
			isa = PBXFrameworksBuildPhase;
			buildActionMask = 2147483647;
			files = (
			);
			runOnlyForDeploymentPostprocessing = 0;
		};
/* End PBXFrameworksBuildPhase section */

/* Begin PBXGroup section */
		5E2C5D0E24D98EE100E2B95F = {
			isa = PBXGroup;
			children = (
				5E2C5D1924D98EE100E2B95F /* Permanent */,
				5E2C5D1824D98EE100E2B95F /* Products */,
			);
			indentWidth = 2;
			sourceTree = "<group>";
			tabWidth = 2;
		};
		5E2C5D1824D98EE100E2B95F /* Products */ = {
			isa = PBXGroup;
			children = (
				5E2C5D1724D98EE100E2B95F /* Permanent.app */,
			);
			name = Products;
			sourceTree = "<group>";
		};
		5E2C5D1924D98EE100E2B95F /* Permanent */ = {
			isa = PBXGroup;
			children = (
				5E2C5D1A24D98EE100E2B95F /* AppDelegate.swift */,
				5E2C5D1C24D98EE100E2B95F /* SceneDelegate.swift */,
				5E2C5D1E24D98EE100E2B95F /* ViewController.swift */,
				5ED0856624E3E5DE00CDB4D3 /* Content */,
				5ED0855A24E2E25E00CDB4D3 /* Onboarding */,
				5E2C5D2024D98EE100E2B95F /* Main.storyboard */,
				5E2C5D2324D98EE300E2B95F /* Assets.xcassets */,
				5E2C5D2524D98EE300E2B95F /* LaunchScreen.storyboard */,
				5E2C5D2824D98EE300E2B95F /* Info.plist */,
			);
			path = Permanent;
			sourceTree = "<group>";
		};
		5ED0855A24E2E25E00CDB4D3 /* Onboarding */ = {
			isa = PBXGroup;
			children = (
				5ED0855624E2E04400CDB4D3 /* OnBoardingView.swift */,
				5E1DCA7824E17B78008F515B /* OnboardingViewModel.swift */,
				5ED0855824E2E06300CDB4D3 /* OnboardingModel.swift */,
			);
			path = Onboarding;
			sourceTree = "<group>";
		};
		5ED0856524E3E5CA00CDB4D3 /* AddedFonts */ = {
			isa = PBXGroup;
			children = (
				5ED0855F24E3E5C300CDB4D3 /* OpenSans-Bold.ttf */,
				5ED0856124E3E5C300CDB4D3 /* OpenSans-BoldItalic.ttf */,
				5ED0856224E3E5C300CDB4D3 /* OpenSans-ExtraBold.ttf */,
				5ED0855D24E3E5C300CDB4D3 /* OpenSans-ExtraBoldItalic.ttf */,
				5ED0856324E3E5C300CDB4D3 /* OpenSans-Italic.ttf */,
				5ED0855C24E3E5C300CDB4D3 /* OpenSans-Light.ttf */,
				5ED0855E24E3E5C300CDB4D3 /* OpenSans-LightItalic.ttf */,
				5ED0856424E3E5C400CDB4D3 /* OpenSans-Regular.ttf */,
				5ED0855B24E3E5C300CDB4D3 /* OpenSans-SemiBold.ttf */,
				5ED0856024E3E5C300CDB4D3 /* OpenSans-SemiBoldItalic.ttf */,
			);
			path = AddedFonts;
			sourceTree = "<group>";
		};
		5ED0856624E3E5DE00CDB4D3 /* Content */ = {
			isa = PBXGroup;
			children = (
				5ED0856524E3E5CA00CDB4D3 /* AddedFonts */,
				5ED0856724E3E5FC00CDB4D3 /* ColorStyle.swift */,
				5ED0856924E3EBBB00CDB4D3 /* FontManager.swift */,
			);
			path = Content;
			sourceTree = "<group>";
		};
/* End PBXGroup section */

/* Begin PBXNativeTarget section */
		5E2C5D1624D98EE100E2B95F /* Permanent */ = {
			isa = PBXNativeTarget;
			buildConfigurationList = 5E2C5D2B24D98EE300E2B95F /* Build configuration list for PBXNativeTarget "Permanent" */;
			buildPhases = (
				5E2C5D1324D98EE100E2B95F /* Sources */,
				5E2C5D1424D98EE100E2B95F /* Frameworks */,
				5E2C5D1524D98EE100E2B95F /* Resources */,
			);
			buildRules = (
			);
			dependencies = (
			);
			name = Permanent;
			productName = Permanent;
			productReference = 5E2C5D1724D98EE100E2B95F /* Permanent.app */;
			productType = "com.apple.product-type.application";
		};
/* End PBXNativeTarget section */

/* Begin PBXProject section */
		5E2C5D0F24D98EE100E2B95F /* Project object */ = {
			isa = PBXProject;
			attributes = {
				LastSwiftUpdateCheck = 1160;
				LastUpgradeCheck = 1160;
				ORGANIZATIONNAME = "Lucian Cerbu";
				TargetAttributes = {
					5E2C5D1624D98EE100E2B95F = {
						CreatedOnToolsVersion = 11.6;
					};
				};
			};
			buildConfigurationList = 5E2C5D1224D98EE100E2B95F /* Build configuration list for PBXProject "Permanent" */;
			compatibilityVersion = "Xcode 9.3";
			developmentRegion = en;
			hasScannedForEncodings = 0;
			knownRegions = (
				en,
				Base,
			);
			mainGroup = 5E2C5D0E24D98EE100E2B95F;
			productRefGroup = 5E2C5D1824D98EE100E2B95F /* Products */;
			projectDirPath = "";
			projectRoot = "";
			targets = (
				5E2C5D1624D98EE100E2B95F /* Permanent */,
			);
		};
/* End PBXProject section */

/* Begin PBXResourcesBuildPhase section */
		5E2C5D1524D98EE100E2B95F /* Resources */ = {
			isa = PBXResourcesBuildPhase;
			buildActionMask = 2147483647;
			files = (
				5ED0856E24E4257500CDB4D3 /* OpenSans-Italic.ttf in Resources */,
				5ED0856D24E4257100CDB4D3 /* OpenSans-Regular.ttf in Resources */,
				5ED0856C24E4256B00CDB4D3 /* OpenSans-SemiBold.ttf in Resources */,
				5ED0856B24E4256500CDB4D3 /* OpenSans-Bold.ttf in Resources */,
				5E2C5D2724D98EE300E2B95F /* LaunchScreen.storyboard in Resources */,
				5E2C5D2424D98EE300E2B95F /* Assets.xcassets in Resources */,
				5E2C5D2224D98EE100E2B95F /* Main.storyboard in Resources */,
			);
			runOnlyForDeploymentPostprocessing = 0;
		};
/* End PBXResourcesBuildPhase section */

/* Begin PBXSourcesBuildPhase section */
		5E2C5D1324D98EE100E2B95F /* Sources */ = {
			isa = PBXSourcesBuildPhase;
			buildActionMask = 2147483647;
			files = (
				5E2C5D1F24D98EE100E2B95F /* ViewController.swift in Sources */,
				5E1DCA7924E17B78008F515B /* OnboardingViewModel.swift in Sources */,
				5ED0855924E2E06300CDB4D3 /* OnboardingModel.swift in Sources */,
				5E2C5D1B24D98EE100E2B95F /* AppDelegate.swift in Sources */,
				5ED0856824E3E5FC00CDB4D3 /* ColorStyle.swift in Sources */,
				5ED0855724E2E04400CDB4D3 /* OnBoardingView.swift in Sources */,
				5ED0856A24E3EBBB00CDB4D3 /* FontManager.swift in Sources */,
				5E2C5D1D24D98EE100E2B95F /* SceneDelegate.swift in Sources */,
			);
			runOnlyForDeploymentPostprocessing = 0;
		};
/* End PBXSourcesBuildPhase section */

/* Begin PBXVariantGroup section */
		5E2C5D2024D98EE100E2B95F /* Main.storyboard */ = {
			isa = PBXVariantGroup;
			children = (
				5E2C5D2124D98EE100E2B95F /* Base */,
			);
			name = Main.storyboard;
			sourceTree = "<group>";
		};
		5E2C5D2524D98EE300E2B95F /* LaunchScreen.storyboard */ = {
			isa = PBXVariantGroup;
			children = (
				5E2C5D2624D98EE300E2B95F /* Base */,
			);
			name = LaunchScreen.storyboard;
			sourceTree = "<group>";
		};
/* End PBXVariantGroup section */

/* Begin XCBuildConfiguration section */
		5E2C5D2924D98EE300E2B95F /* Debug */ = {
			isa = XCBuildConfiguration;
			buildSettings = {
				ALWAYS_SEARCH_USER_PATHS = NO;
				CLANG_ANALYZER_NONNULL = YES;
				CLANG_ANALYZER_NUMBER_OBJECT_CONVERSION = YES_AGGRESSIVE;
				CLANG_CXX_LANGUAGE_STANDARD = "gnu++14";
				CLANG_CXX_LIBRARY = "libc++";
				CLANG_ENABLE_MODULES = YES;
				CLANG_ENABLE_OBJC_ARC = YES;
				CLANG_ENABLE_OBJC_WEAK = YES;
				CLANG_WARN_BLOCK_CAPTURE_AUTORELEASING = YES;
				CLANG_WARN_BOOL_CONVERSION = YES;
				CLANG_WARN_COMMA = YES;
				CLANG_WARN_CONSTANT_CONVERSION = YES;
				CLANG_WARN_DEPRECATED_OBJC_IMPLEMENTATIONS = YES;
				CLANG_WARN_DIRECT_OBJC_ISA_USAGE = YES_ERROR;
				CLANG_WARN_DOCUMENTATION_COMMENTS = YES;
				CLANG_WARN_EMPTY_BODY = YES;
				CLANG_WARN_ENUM_CONVERSION = YES;
				CLANG_WARN_INFINITE_RECURSION = YES;
				CLANG_WARN_INT_CONVERSION = YES;
				CLANG_WARN_NON_LITERAL_NULL_CONVERSION = YES;
				CLANG_WARN_OBJC_IMPLICIT_RETAIN_SELF = YES;
				CLANG_WARN_OBJC_LITERAL_CONVERSION = YES;
				CLANG_WARN_OBJC_ROOT_CLASS = YES_ERROR;
				CLANG_WARN_RANGE_LOOP_ANALYSIS = YES;
				CLANG_WARN_STRICT_PROTOTYPES = YES;
				CLANG_WARN_SUSPICIOUS_MOVE = YES;
				CLANG_WARN_UNGUARDED_AVAILABILITY = YES_AGGRESSIVE;
				CLANG_WARN_UNREACHABLE_CODE = YES;
				CLANG_WARN__DUPLICATE_METHOD_MATCH = YES;
				COPY_PHASE_STRIP = NO;
				DEBUG_INFORMATION_FORMAT = dwarf;
				ENABLE_STRICT_OBJC_MSGSEND = YES;
				ENABLE_TESTABILITY = YES;
				GCC_C_LANGUAGE_STANDARD = gnu11;
				GCC_DYNAMIC_NO_PIC = NO;
				GCC_NO_COMMON_BLOCKS = YES;
				GCC_OPTIMIZATION_LEVEL = 0;
				GCC_PREPROCESSOR_DEFINITIONS = (
					"DEBUG=1",
					"$(inherited)",
				);
				GCC_WARN_64_TO_32_BIT_CONVERSION = YES;
				GCC_WARN_ABOUT_RETURN_TYPE = YES_ERROR;
				GCC_WARN_UNDECLARED_SELECTOR = YES;
				GCC_WARN_UNINITIALIZED_AUTOS = YES_AGGRESSIVE;
				GCC_WARN_UNUSED_FUNCTION = YES;
				GCC_WARN_UNUSED_VARIABLE = YES;
				IPHONEOS_DEPLOYMENT_TARGET = 12.0;
				MTL_ENABLE_DEBUG_INFO = INCLUDE_SOURCE;
				MTL_FAST_MATH = YES;
				ONLY_ACTIVE_ARCH = YES;
				SDKROOT = iphoneos;
				SWIFT_ACTIVE_COMPILATION_CONDITIONS = DEBUG;
				SWIFT_OPTIMIZATION_LEVEL = "-Onone";
			};
			name = Debug;
		};
		5E2C5D2A24D98EE300E2B95F /* Release */ = {
			isa = XCBuildConfiguration;
			buildSettings = {
				ALWAYS_SEARCH_USER_PATHS = NO;
				CLANG_ANALYZER_NONNULL = YES;
				CLANG_ANALYZER_NUMBER_OBJECT_CONVERSION = YES_AGGRESSIVE;
				CLANG_CXX_LANGUAGE_STANDARD = "gnu++14";
				CLANG_CXX_LIBRARY = "libc++";
				CLANG_ENABLE_MODULES = YES;
				CLANG_ENABLE_OBJC_ARC = YES;
				CLANG_ENABLE_OBJC_WEAK = YES;
				CLANG_WARN_BLOCK_CAPTURE_AUTORELEASING = YES;
				CLANG_WARN_BOOL_CONVERSION = YES;
				CLANG_WARN_COMMA = YES;
				CLANG_WARN_CONSTANT_CONVERSION = YES;
				CLANG_WARN_DEPRECATED_OBJC_IMPLEMENTATIONS = YES;
				CLANG_WARN_DIRECT_OBJC_ISA_USAGE = YES_ERROR;
				CLANG_WARN_DOCUMENTATION_COMMENTS = YES;
				CLANG_WARN_EMPTY_BODY = YES;
				CLANG_WARN_ENUM_CONVERSION = YES;
				CLANG_WARN_INFINITE_RECURSION = YES;
				CLANG_WARN_INT_CONVERSION = YES;
				CLANG_WARN_NON_LITERAL_NULL_CONVERSION = YES;
				CLANG_WARN_OBJC_IMPLICIT_RETAIN_SELF = YES;
				CLANG_WARN_OBJC_LITERAL_CONVERSION = YES;
				CLANG_WARN_OBJC_ROOT_CLASS = YES_ERROR;
				CLANG_WARN_RANGE_LOOP_ANALYSIS = YES;
				CLANG_WARN_STRICT_PROTOTYPES = YES;
				CLANG_WARN_SUSPICIOUS_MOVE = YES;
				CLANG_WARN_UNGUARDED_AVAILABILITY = YES_AGGRESSIVE;
				CLANG_WARN_UNREACHABLE_CODE = YES;
				CLANG_WARN__DUPLICATE_METHOD_MATCH = YES;
				COPY_PHASE_STRIP = NO;
				DEBUG_INFORMATION_FORMAT = "dwarf-with-dsym";
				ENABLE_NS_ASSERTIONS = NO;
				ENABLE_STRICT_OBJC_MSGSEND = YES;
				GCC_C_LANGUAGE_STANDARD = gnu11;
				GCC_NO_COMMON_BLOCKS = YES;
				GCC_WARN_64_TO_32_BIT_CONVERSION = YES;
				GCC_WARN_ABOUT_RETURN_TYPE = YES_ERROR;
				GCC_WARN_UNDECLARED_SELECTOR = YES;
				GCC_WARN_UNINITIALIZED_AUTOS = YES_AGGRESSIVE;
				GCC_WARN_UNUSED_FUNCTION = YES;
				GCC_WARN_UNUSED_VARIABLE = YES;
				IPHONEOS_DEPLOYMENT_TARGET = 12.0;
				MTL_ENABLE_DEBUG_INFO = NO;
				MTL_FAST_MATH = YES;
				SDKROOT = iphoneos;
				SWIFT_COMPILATION_MODE = wholemodule;
				SWIFT_OPTIMIZATION_LEVEL = "-O";
				VALIDATE_PRODUCT = YES;
			};
			name = Release;
		};
		5E2C5D2C24D98EE300E2B95F /* Debug */ = {
			isa = XCBuildConfiguration;
			buildSettings = {
				ASSETCATALOG_COMPILER_APPICON_NAME = AppIcon;
				CODE_SIGN_STYLE = Automatic;
				DEVELOPMENT_TEAM = UWT8ABFL89;
				INFOPLIST_FILE = Permanent/Info.plist;
				IPHONEOS_DEPLOYMENT_TARGET = 12.0;
				LD_RUNPATH_SEARCH_PATHS = (
					"$(inherited)",
					"@executable_path/Frameworks",
				);
				PRODUCT_BUNDLE_IDENTIFIER = com.lce.Permanent;
				PRODUCT_NAME = "$(TARGET_NAME)";
				SWIFT_VERSION = 5.0;
				TARGETED_DEVICE_FAMILY = 1;
			};
			name = Debug;
		};
		5E2C5D2D24D98EE300E2B95F /* Release */ = {
			isa = XCBuildConfiguration;
			buildSettings = {
				ASSETCATALOG_COMPILER_APPICON_NAME = AppIcon;
				CODE_SIGN_STYLE = Automatic;
				DEVELOPMENT_TEAM = UWT8ABFL89;
				INFOPLIST_FILE = Permanent/Info.plist;
				IPHONEOS_DEPLOYMENT_TARGET = 12.0;
				LD_RUNPATH_SEARCH_PATHS = (
					"$(inherited)",
					"@executable_path/Frameworks",
				);
				PRODUCT_BUNDLE_IDENTIFIER = com.lce.Permanent;
				PRODUCT_NAME = "$(TARGET_NAME)";
				SWIFT_VERSION = 5.0;
				TARGETED_DEVICE_FAMILY = 1;
			};
			name = Release;
		};
/* End XCBuildConfiguration section */

/* Begin XCConfigurationList section */
		5E2C5D1224D98EE100E2B95F /* Build configuration list for PBXProject "Permanent" */ = {
			isa = XCConfigurationList;
			buildConfigurations = (
				5E2C5D2924D98EE300E2B95F /* Debug */,
				5E2C5D2A24D98EE300E2B95F /* Release */,
			);
			defaultConfigurationIsVisible = 0;
			defaultConfigurationName = Release;
		};
		5E2C5D2B24D98EE300E2B95F /* Build configuration list for PBXNativeTarget "Permanent" */ = {
			isa = XCConfigurationList;
			buildConfigurations = (
				5E2C5D2C24D98EE300E2B95F /* Debug */,
				5E2C5D2D24D98EE300E2B95F /* Release */,
			);
			defaultConfigurationIsVisible = 0;
			defaultConfigurationName = Release;
		};
/* End XCConfigurationList section */
	};
	rootObject = 5E2C5D0F24D98EE100E2B95F /* Project object */;
}
