PODS:
  - AppAuth (1.4.0):
    - AppAuth/Core (= 1.4.0)
    - AppAuth/ExternalUserAgent (= 1.4.0)
  - AppAuth/Core (1.4.0)
  - AppAuth/ExternalUserAgent (1.4.0)
  - Firebase (6.32.2):
    - Firebase/Core (= 6.32.2)
  - Firebase/Analytics (6.32.2):
    - Firebase/Core
  - Firebase/Core (6.32.2):
    - Firebase/CoreOnly
    - FirebaseAnalytics (= 6.8.2)
  - Firebase/CoreOnly (6.32.2):
    - FirebaseCore (= 6.10.2)
  - Firebase/Crashlytics (6.32.2):
    - Firebase/CoreOnly
    - FirebaseCrashlytics (~> 4.6.0)
  - Firebase/Messaging (6.32.2):
    - Firebase/CoreOnly
    - FirebaseMessaging (~> 4.6.2)
  - Firebase/RemoteConfig (6.32.2):
    - Firebase/CoreOnly
    - FirebaseRemoteConfig (~> 4.9.0)
  - FirebaseABTesting (4.2.0):
    - FirebaseCore (~> 6.10)
  - FirebaseAnalytics (6.8.2):
    - FirebaseCore (~> 6.10)
    - FirebaseInstallations (~> 1.6)
    - GoogleAppMeasurement (= 6.8.2)
    - GoogleUtilities/AppDelegateSwizzler (~> 6.7)
    - GoogleUtilities/MethodSwizzler (~> 6.7)
    - GoogleUtilities/Network (~> 6.7)
    - "GoogleUtilities/NSData+zlib (~> 6.7)"
    - nanopb (~> 1.30906.0)
  - FirebaseCore (6.10.2):
    - FirebaseCoreDiagnostics (~> 1.6)
    - GoogleUtilities/Environment (~> 6.7)
    - GoogleUtilities/Logger (~> 6.7)
  - FirebaseCoreDiagnostics (1.7.0):
    - GoogleDataTransport (~> 7.4)
    - GoogleUtilities/Environment (~> 6.7)
    - GoogleUtilities/Logger (~> 6.7)
    - nanopb (~> 1.30906.0)
  - FirebaseCrashlytics (4.6.2):
    - FirebaseCore (~> 6.10)
    - FirebaseInstallations (~> 1.6)
    - GoogleDataTransport (~> 7.2)
    - nanopb (~> 1.30906.0)
    - PromisesObjC (~> 1.2)
  - FirebaseInstallations (1.7.0):
    - FirebaseCore (~> 6.10)
    - GoogleUtilities/Environment (~> 6.7)
    - GoogleUtilities/UserDefaults (~> 6.7)
    - PromisesObjC (~> 1.2)
  - FirebaseInstanceID (4.8.0):
    - FirebaseCore (~> 6.10)
    - FirebaseInstallations (~> 1.6)
    - GoogleUtilities/Environment (~> 6.7)
    - GoogleUtilities/UserDefaults (~> 6.7)
  - FirebaseMessaging (4.6.2):
    - FirebaseCore (~> 6.10)
    - FirebaseInstanceID (~> 4.6)
    - GoogleUtilities/AppDelegateSwizzler (~> 6.7)
    - GoogleUtilities/Environment (~> 6.7)
    - GoogleUtilities/Reachability (~> 6.7)
    - GoogleUtilities/UserDefaults (~> 6.7)
    - Protobuf (>= 3.9.2, ~> 3.9)
  - FirebaseRemoteConfig (4.9.1):
    - FirebaseABTesting (~> 4.2)
    - FirebaseCore (~> 6.10)
    - FirebaseInstallations (~> 1.6)
    - GoogleUtilities/Environment (~> 6.7)
    - "GoogleUtilities/NSData+zlib (~> 6.7)"
  - GoogleAppMeasurement (6.8.2):
    - GoogleUtilities/AppDelegateSwizzler (~> 6.7)
    - GoogleUtilities/MethodSwizzler (~> 6.7)
    - GoogleUtilities/Network (~> 6.7)
    - "GoogleUtilities/NSData+zlib (~> 6.7)"
    - nanopb (~> 1.30906.0)
  - GoogleDataTransport (7.5.1):
    - nanopb (~> 1.30906.0)
  - GoogleMaps (6.1.1):
    - GoogleMaps/Maps (= 6.1.1)
  - GoogleMaps/Base (6.1.1)
  - GoogleMaps/Maps (6.1.1):
    - GoogleMaps/Base
  - GooglePlaces (6.1.1)
  - GoogleUtilities/AppDelegateSwizzler (6.7.2):
    - GoogleUtilities/Environment
    - GoogleUtilities/Logger
    - GoogleUtilities/Network
  - GoogleUtilities/Environment (6.7.2):
    - PromisesObjC (~> 1.2)
  - GoogleUtilities/Logger (6.7.2):
    - GoogleUtilities/Environment
  - GoogleUtilities/MethodSwizzler (6.7.2):
    - GoogleUtilities/Logger
  - GoogleUtilities/Network (6.7.2):
    - GoogleUtilities/Logger
    - "GoogleUtilities/NSData+zlib"
    - GoogleUtilities/Reachability
  - "GoogleUtilities/NSData+zlib (6.7.2)"
  - GoogleUtilities/Reachability (6.7.2):
    - GoogleUtilities/Logger
  - GoogleUtilities/UserDefaults (6.7.2):
    - GoogleUtilities/Logger
  - KeychainSwift (20.0.0)
  - nanopb (1.30906.0):
    - nanopb/decode (= 1.30906.0)
    - nanopb/encode (= 1.30906.0)
  - nanopb/decode (1.30906.0)
  - nanopb/encode (1.30906.0)
  - ObjectMapper (4.2.0)
  - PromisesObjC (1.2.12)
  - Protobuf (3.20.0)
  - SDWebImage (5.10.0):
    - SDWebImage/Core (= 5.10.0)
  - SDWebImage/Core (5.10.0)
  - Sourcery (1.4.1)

DEPENDENCIES:
  - AppAuth (= 1.4.0)
  - Firebase
  - Firebase/Analytics (= 6.32.2)
  - Firebase/Crashlytics (= 6.32.2)
  - Firebase/Messaging
  - Firebase/RemoteConfig
  - GoogleMaps (= 6.1.1.0)
  - GooglePlaces (= 6.1.1.0)
  - KeychainSwift (= 20.0)
  - ObjectMapper (= 4.2.0)
  - SDWebImage (= 5.10.0)
  - Sourcery (= 1.4.1)

SPEC REPOS:
  trunk:
    - AppAuth
    - Firebase
    - FirebaseABTesting
    - FirebaseAnalytics
    - FirebaseCore
    - FirebaseCoreDiagnostics
    - FirebaseCrashlytics
    - FirebaseInstallations
    - FirebaseInstanceID
    - FirebaseMessaging
    - FirebaseRemoteConfig
    - GoogleAppMeasurement
    - GoogleDataTransport
    - GoogleMaps
    - GooglePlaces
    - GoogleUtilities
    - KeychainSwift
    - nanopb
    - ObjectMapper
    - PromisesObjC
    - Protobuf
    - SDWebImage
    - Sourcery

SPEC CHECKSUMS:
  AppAuth: 31bcec809a638d7bd2f86ea8a52bd45f6e81e7c7
  Firebase: 47176280bfba198e531f909cfb1612dad216cb96
  FirebaseABTesting: 8a9d8df3acc2b43f4a22014ddf9f601bca6af699
  FirebaseAnalytics: 3c2fee6a922023ccfda7af87e4e641bad1fc11ba
  FirebaseCore: 1d697bb944bf2af5fc248f1a66e165c9dd88bf97
  FirebaseCoreDiagnostics: 770ac5958e1372ce67959ae4b4f31d8e127c3ac1
  FirebaseCrashlytics: 1a747c9cc084a24dc6d9511c991db1cd078154eb
  FirebaseInstallations: 466c7b4d1f58fe16707693091da253726a731ed2
  FirebaseInstanceID: bd3ffc24367f901a43c063b36c640b345a4a5dd1
  FirebaseMessaging: 82d75b3770a78bbce470769a6980429608b4c407
  FirebaseRemoteConfig: 35a729305f254fb15a2e541d4b36f3a379da7fdc
  GoogleAppMeasurement: 1a66f478c68ecd6c16ee63ee60c7c3a648e6b337
  GoogleDataTransport: f56af7caa4ed338dc8e138a5d7c5973e66440833
  GoogleMaps: 94e6e0851beece6678af9f508f4918b7a7c61722
  GooglePlaces: 9c1f3baa75191b94dfc12b80a801292e03977f73
  GoogleUtilities: 7f2f5a07f888cdb145101d6042bc4422f57e70b3
  KeychainSwift: 0ce6a4d13f7228054d1a71bb1b500448fb2ab837
  nanopb: 59317e09cf1f1a0af72f12af412d54edf52603fc
  ObjectMapper: 1eb41f610210777375fa806bf161dc39fb832b81
  PromisesObjC: 3113f7f76903778cf4a0586bd1ab89329a0b7b97
  Protobuf: 66e2f3b26a35e4cc379831f4ced538274ee4b923
  SDWebImage: 9169792e9eec3e45bba2a0c02f74bf8bd922d1ee
  Sourcery: db66600e8b285c427701821598d07cf3c7e6c476

PODFILE CHECKSUM: 3f0994be7bbef4c3f8eb63dc24ecca3105a34cfb

COCOAPODS: 1.11.3
